// !$*UTF8*$!
{
	archiveVersion = 1;
	classes = {
	};
	objectVersion = 70;
	objects = {

/* Begin PBXBuildFile section */
		006FC3E42D30A07B0091056F /* ContentBlockerConverter in Frameworks */ = {isa = PBXBuildFile; productRef = 006FC3E32D30A07B0091056F /* ContentBlockerConverter */; };
		00A76C112D2E835700CE43C4 /* ContentBlockerConverter in Frameworks */ = {isa = PBXBuildFile; productRef = 00A76C102D2E835700CE43C4 /* ContentBlockerConverter */; };
		00C356282D2EEFE000BACCE7 /* Cocoa.framework in Frameworks */ = {isa = PBXBuildFile; fileRef = 00C2BE322D2E327F000B431F /* Cocoa.framework */; platformFilters = (macos, ); };
		00CCC1902D30D126002D98A1 /* WebShield Advanced.appex in Embed Foundation Extensions */ = {isa = PBXBuildFile; fileRef = 00C4EAB82D30C4610008D09D /* WebShield Advanced.appex */; settings = {ATTRIBUTES = (RemoveHeadersOnCopy, ); }; };
		00CCC1942D30D128002D98A1 /* WebShield Filters.appex in Embed Foundation Extensions */ = {isa = PBXBuildFile; fileRef = 00C4EAB72D30C4610008D09D /* WebShield Filters.appex */; settings = {ATTRIBUTES = (RemoveHeadersOnCopy, ); }; };
/* End PBXBuildFile section */

/* Begin PBXContainerItemProxy section */
		000F2CB22D2E533500871D5E /* PBXContainerItemProxy */ = {
			isa = PBXContainerItemProxy;
			containerPortal = 0018485A2C2956AC00EE2E7A /* Project object */;
			proxyType = 1;
			remoteGlobalIDString = 000F2C9F2D2E533400871D5E;
			remoteInfo = a;
		};
		000F2CBC2D2E533500871D5E /* PBXContainerItemProxy */ = {
			isa = PBXContainerItemProxy;
			containerPortal = 0018485A2C2956AC00EE2E7A /* Project object */;
			proxyType = 1;
			remoteGlobalIDString = 000F2C9F2D2E533400871D5E;
			remoteInfo = a;
		};
		00681F792D30D49D00F9E3F1 /* PBXContainerItemProxy */ = {
			isa = PBXContainerItemProxy;
			containerPortal = 0018485A2C2956AC00EE2E7A /* Project object */;
			proxyType = 1;
			remoteGlobalIDString = 00C356262D2EEFE000BACCE7;
			remoteInfo = "WebShield Filters";
		};
		00681F7B2D30D4A000F9E3F1 /* PBXContainerItemProxy */ = {
			isa = PBXContainerItemProxy;
			containerPortal = 0018485A2C2956AC00EE2E7A /* Project object */;
			proxyType = 1;
			remoteGlobalIDString = 006FC39B2D3095DD0091056F;
			remoteInfo = "WebShield Advanced";
		};
/* End PBXContainerItemProxy section */

/* Begin PBXCopyFilesBuildPhase section */
		00CCC1932D30D126002D98A1 /* Embed Foundation Extensions */ = {
			isa = PBXCopyFilesBuildPhase;
			buildActionMask = 2147483647;
			dstPath = "";
			dstSubfolderSpec = 13;
			files = (
				00CCC1902D30D126002D98A1 /* WebShield Advanced.appex in Embed Foundation Extensions */,
				00CCC1942D30D128002D98A1 /* WebShield Filters.appex in Embed Foundation Extensions */,
			);
			name = "Embed Foundation Extensions";
			runOnlyForDeploymentPostprocessing = 0;
		};
/* End PBXCopyFilesBuildPhase section */

/* Begin PBXFileReference section */
		000F2CB12D2E533500871D5E /* AppTests.xctest */ = {isa = PBXFileReference; explicitFileType = wrapper.cfbundle; includeInIndex = 0; path = AppTests.xctest; sourceTree = BUILT_PRODUCTS_DIR; };
		000F2CBB2D2E533500871D5E /* AppUITests.xctest */ = {isa = PBXFileReference; explicitFileType = wrapper.cfbundle; includeInIndex = 0; path = AppUITests.xctest; sourceTree = BUILT_PRODUCTS_DIR; };
		00C2BE322D2E327F000B431F /* Cocoa.framework */ = {isa = PBXFileReference; lastKnownFileType = wrapper.framework; name = Cocoa.framework; path = System/Library/Frameworks/Cocoa.framework; sourceTree = SDKROOT; };
		00C356372D2EF54100BACCE7 /* SafariServices.framework */ = {isa = PBXFileReference; lastKnownFileType = wrapper.framework; name = SafariServices.framework; path = Platforms/iPhoneOS.platform/Developer/SDKs/iPhoneOS18.2.sdk/System/Library/Frameworks/SafariServices.framework; sourceTree = DEVELOPER_DIR; };
		00C4EAB62D30C4610008D09D /* WebShield.app */ = {isa = PBXFileReference; explicitFileType = wrapper.application; includeInIndex = 0; path = WebShield.app; sourceTree = BUILT_PRODUCTS_DIR; };
		00C4EAB72D30C4610008D09D /* WebShield Filters.appex */ = {isa = PBXFileReference; explicitFileType = "wrapper.app-extension"; includeInIndex = 0; path = "WebShield Filters.appex"; sourceTree = BUILT_PRODUCTS_DIR; };
		00C4EAB82D30C4610008D09D /* WebShield Advanced.appex */ = {isa = PBXFileReference; explicitFileType = "wrapper.app-extension"; includeInIndex = 0; path = "WebShield Advanced.appex"; sourceTree = BUILT_PRODUCTS_DIR; };
/* End PBXFileReference section */

/* Begin PBXFileSystemSynchronizedBuildFileExceptionSet section */
		006FC3DE2D3095DD0091056F /* PBXFileSystemSynchronizedBuildFileExceptionSet */ = {
			isa = PBXFileSystemSynchronizedBuildFileExceptionSet;
			membershipExceptions = (
				Resources/_locales,
				Resources/background.js,
				Resources/content.js,
				"Resources/extended-css.js",
				Resources/images,
				Resources/manifest.json,
				Resources/popup.css,
				Resources/popup.html,
				Resources/popup.js,
				Resources/scriptlet.js,
				Source/ContentBlockerEngineWrapper.swift,
				Source/SafariWebExtensionHandler.swift,
			);
			target = 006FC39B2D3095DD0091056F /* WebShield Advanced */;
		};
		006FC3FC2D30AA590091056F /* PBXFileSystemSynchronizedBuildFileExceptionSet */ = {
			isa = PBXFileSystemSynchronizedBuildFileExceptionSet;
			membershipExceptions = (
				blockerList.json,
				Info.plist,
				Source/ContentBlockerRequestHandler.swift,
			);
			target = 000F2C9F2D2E533400871D5E /* WebShield */;
		};
		006FC3FD2D30AA590091056F /* PBXFileSystemSynchronizedBuildFileExceptionSet */ = {
			isa = PBXFileSystemSynchronizedBuildFileExceptionSet;
			membershipExceptions = (
				blockerList.json,
				Source/ContentBlockerRequestHandler.swift,
			);
			target = 00C356262D2EEFE000BACCE7 /* WebShield Filters */;
		};
		008F181D2D2E7251004E312A /* PBXFileSystemSynchronizedBuildFileExceptionSet */ = {
			isa = PBXFileSystemSynchronizedBuildFileExceptionSet;
			membershipExceptions = (
				WebShieldAppTests/AppTests.swift,
			);
			target = 000F2CB02D2E533500871D5E /* AppTests */;
		};
		008F181F2D2E7256004E312A /* PBXFileSystemSynchronizedBuildFileExceptionSet */ = {
			isa = PBXFileSystemSynchronizedBuildFileExceptionSet;
			membershipExceptions = (
				WebShieldAppUITests/AppUITests.swift,
				WebShieldAppUITests/AppUITestsLaunchTests.swift,
			);
			target = 000F2CBA2D2E533500871D5E /* AppUITests */;
		};
		00C356162D2EA48100BACCE7 /* PBXFileSystemSynchronizedBuildFileExceptionSet */ = {
			isa = PBXFileSystemSynchronizedBuildFileExceptionSet;
			membershipExceptions = (
				Info.plist,
				Resources/iOS/AppIcon.appiconset/Contents.json,
				"Resources/iOS/AppIcon.appiconset/Icon-20.png",
				"Resources/iOS/AppIcon.appiconset/Icon-20@2x.png",
				"Resources/iOS/AppIcon.appiconset/Icon-20@3x.png",
				"Resources/iOS/AppIcon.appiconset/Icon-29.png",
				"Resources/iOS/AppIcon.appiconset/Icon-29@2x.png",
				"Resources/iOS/AppIcon.appiconset/Icon-29@3x.png",
				"Resources/iOS/AppIcon.appiconset/Icon-40.png",
				"Resources/iOS/AppIcon.appiconset/Icon-40@2x.png",
				"Resources/iOS/AppIcon.appiconset/Icon-40@3x.png",
				"Resources/iOS/AppIcon.appiconset/Icon-60@2x.png",
				"Resources/iOS/AppIcon.appiconset/Icon-60@3x.png",
				"Resources/iOS/AppIcon.appiconset/Icon-76.png",
				"Resources/iOS/AppIcon.appiconset/Icon-76@2x.png",
				"Resources/iOS/AppIcon.appiconset/Icon-83.5@2x.png",
				"Resources/iOS/AppIcon.appiconset/Icon-1024.png",
				Resources/macOS/AppIcon.appiconset/Contents.json,
				"Resources/macOS/AppIcon.appiconset/Icon-16.png",
				"Resources/macOS/AppIcon.appiconset/Icon-32.png",
				"Resources/macOS/AppIcon.appiconset/Icon-64.png",
				"Resources/macOS/AppIcon.appiconset/Icon-128.png",
				"Resources/macOS/AppIcon.appiconset/Icon-256.png",
				"Resources/macOS/AppIcon.appiconset/Icon-512.png",
				"Resources/macOS/AppIcon.appiconset/Icon-1024.png",
			);
			platformFiltersByRelativePath = {
				Resources/LaunchScreen.storyboard = (
					ios,
				);
			};
			target = 000F2C9F2D2E533400871D5E /* WebShield */;
		};
/* End PBXFileSystemSynchronizedBuildFileExceptionSet section */

/* Begin PBXFileSystemSynchronizedRootGroup section */
		000F2CA12D2E533400871D5E /* WebShieldApp */ = {isa = PBXFileSystemSynchronizedRootGroup; exceptions = (00C356162D2EA48100BACCE7 /* PBXFileSystemSynchronizedBuildFileExceptionSet */, ); explicitFileTypes = {}; explicitFolders = (); path = WebShieldApp; sourceTree = "<group>"; };
		006FC3702D3095DD0091056F /* WebShieldAdvanced */ = {isa = PBXFileSystemSynchronizedRootGroup; exceptions = (006FC3DE2D3095DD0091056F /* PBXFileSystemSynchronizedBuildFileExceptionSet */, ); explicitFileTypes = {}; explicitFolders = (Resources/_locales, Resources/images, ); path = WebShieldAdvanced; sourceTree = "<group>"; };
		006FC3F92D30AA590091056F /* WebShieldFilters */ = {isa = PBXFileSystemSynchronizedRootGroup; exceptions = (006FC3FC2D30AA590091056F /* PBXFileSystemSynchronizedBuildFileExceptionSet */, 006FC3FD2D30AA590091056F /* PBXFileSystemSynchronizedBuildFileExceptionSet */, ); explicitFileTypes = {}; explicitFolders = (); path = WebShieldFilters; sourceTree = "<group>"; };
		008F181A2D2E7228004E312A /* Tests */ = {isa = PBXFileSystemSynchronizedRootGroup; exceptions = (008F181D2D2E7251004E312A /* PBXFileSystemSynchronizedBuildFileExceptionSet */, 008F181F2D2E7256004E312A /* PBXFileSystemSynchronizedBuildFileExceptionSet */, ); explicitFileTypes = {}; explicitFolders = (); path = Tests; sourceTree = "<group>"; };
/* End PBXFileSystemSynchronizedRootGroup section */

/* Begin PBXFrameworksBuildPhase section */
		000F2C9D2D2E533400871D5E /* Frameworks */ = {
			isa = PBXFrameworksBuildPhase;
			buildActionMask = 2147483647;
			files = (
				00A76C112D2E835700CE43C4 /* ContentBlockerConverter in Frameworks */,
			);
			runOnlyForDeploymentPostprocessing = 0;
		};
		000F2CAE2D2E533500871D5E /* Frameworks */ = {
			isa = PBXFrameworksBuildPhase;
			buildActionMask = 2147483647;
			files = (
			);
			runOnlyForDeploymentPostprocessing = 0;
		};
		000F2CB82D2E533500871D5E /* Frameworks */ = {
			isa = PBXFrameworksBuildPhase;
			buildActionMask = 2147483647;
			files = (
			);
			runOnlyForDeploymentPostprocessing = 0;
		};
		006FC3992D3095DD0091056F /* Frameworks */ = {
			isa = PBXFrameworksBuildPhase;
			buildActionMask = 2147483647;
			files = (
				006FC3E42D30A07B0091056F /* ContentBlockerConverter in Frameworks */,
			);
			runOnlyForDeploymentPostprocessing = 0;
		};
		00C356242D2EEFE000BACCE7 /* Frameworks */ = {
			isa = PBXFrameworksBuildPhase;
			buildActionMask = 2147483647;
			files = (
				00C356282D2EEFE000BACCE7 /* Cocoa.framework in Frameworks */,
			);
			runOnlyForDeploymentPostprocessing = 0;
		};
/* End PBXFrameworksBuildPhase section */

/* Begin PBXGroup section */
		001848592C2956AC00EE2E7A = {
			isa = PBXGroup;
			children = (
				000F2CA12D2E533400871D5E /* WebShieldApp */,
				006FC3F92D30AA590091056F /* WebShieldFilters */,
				006FC3702D3095DD0091056F /* WebShieldAdvanced */,
				008F181A2D2E7228004E312A /* Tests */,
				00333FBB2C3CC6D20031AEC6 /* Frameworks */,
				000F2CB12D2E533500871D5E /* AppTests.xctest */,
				000F2CBB2D2E533500871D5E /* AppUITests.xctest */,
				00C4EAB62D30C4610008D09D /* WebShield.app */,
				00C4EAB72D30C4610008D09D /* WebShield Filters.appex */,
				00C4EAB82D30C4610008D09D /* WebShield Advanced.appex */,
			);
			sourceTree = "<group>";
		};
		00333FBB2C3CC6D20031AEC6 /* Frameworks */ = {
			isa = PBXGroup;
			children = (
				00C356372D2EF54100BACCE7 /* SafariServices.framework */,
				00C2BE322D2E327F000B431F /* Cocoa.framework */,
			);
			name = Frameworks;
			sourceTree = "<group>";
		};
/* End PBXGroup section */

/* Begin PBXNativeTarget section */
		000F2C9F2D2E533400871D5E /* WebShield */ = {
			isa = PBXNativeTarget;
			buildConfigurationList = 000F2CC32D2E533500871D5E /* Build configuration list for PBXNativeTarget "WebShield" */;
			buildPhases = (
				000F2C9C2D2E533400871D5E /* Sources */,
				000F2C9D2D2E533400871D5E /* Frameworks */,
				000F2C9E2D2E533400871D5E /* Resources */,
				00CCC1932D30D126002D98A1 /* Embed Foundation Extensions */,
			);
			buildRules = (
			);
			dependencies = (
				00681F7C2D30D4A000F9E3F1 /* PBXTargetDependency */,
				00681F7A2D30D49D00F9E3F1 /* PBXTargetDependency */,
			);
			fileSystemSynchronizedGroups = (
				000F2CA12D2E533400871D5E /* WebShieldApp */,
				006FC3F92D30AA590091056F /* WebShieldFilters */,
			);
			name = WebShield;
			packageProductDependencies = (
				00A76C102D2E835700CE43C4 /* ContentBlockerConverter */,
			);
			productName = a;
			productReference = 00C4EAB62D30C4610008D09D /* WebShield.app */;
			productType = "com.apple.product-type.application";
		};
		000F2CB02D2E533500871D5E /* AppTests */ = {
			isa = PBXNativeTarget;
			buildConfigurationList = 000F2CC62D2E533500871D5E /* Build configuration list for PBXNativeTarget "AppTests" */;
			buildPhases = (
				000F2CAD2D2E533500871D5E /* Sources */,
				000F2CAE2D2E533500871D5E /* Frameworks */,
				000F2CAF2D2E533500871D5E /* Resources */,
			);
			buildRules = (
			);
			dependencies = (
				000F2CB32D2E533500871D5E /* PBXTargetDependency */,
			);
			name = AppTests;
			packageProductDependencies = (
			);
			productName = aTests;
			productReference = 000F2CB12D2E533500871D5E /* AppTests.xctest */;
			productType = "com.apple.product-type.bundle.unit-test";
		};
		000F2CBA2D2E533500871D5E /* AppUITests */ = {
			isa = PBXNativeTarget;
			buildConfigurationList = 000F2CC92D2E533500871D5E /* Build configuration list for PBXNativeTarget "AppUITests" */;
			buildPhases = (
				000F2CB72D2E533500871D5E /* Sources */,
				000F2CB82D2E533500871D5E /* Frameworks */,
				000F2CB92D2E533500871D5E /* Resources */,
			);
			buildRules = (
			);
			dependencies = (
				000F2CBD2D2E533500871D5E /* PBXTargetDependency */,
			);
			name = AppUITests;
			packageProductDependencies = (
			);
			productName = aUITests;
			productReference = 000F2CBB2D2E533500871D5E /* AppUITests.xctest */;
			productType = "com.apple.product-type.bundle.ui-testing";
		};
		006FC39B2D3095DD0091056F /* WebShield Advanced */ = {
			isa = PBXNativeTarget;
			buildConfigurationList = 006FC3CC2D3095DD0091056F /* Build configuration list for PBXNativeTarget "WebShield Advanced" */;
			buildPhases = (
				006FC3982D3095DD0091056F /* Sources */,
				006FC3992D3095DD0091056F /* Frameworks */,
				006FC39A2D3095DD0091056F /* Resources */,
			);
			buildRules = (
			);
			dependencies = (
			);
			name = "WebShield Advanced";
			packageProductDependencies = (
				006FC3E32D30A07B0091056F /* ContentBlockerConverter */,
			);
			productName = "Extra Extension (iOS)";
			productReference = 00C4EAB82D30C4610008D09D /* WebShield Advanced.appex */;
			productType = "com.apple.product-type.app-extension";
		};
		00C356262D2EEFE000BACCE7 /* WebShield Filters */ = {
			isa = PBXNativeTarget;
			buildConfigurationList = 00C356332D2EEFE100BACCE7 /* Build configuration list for PBXNativeTarget "WebShield Filters" */;
			buildPhases = (
				00C356232D2EEFE000BACCE7 /* Sources */,
				00C356242D2EEFE000BACCE7 /* Frameworks */,
				00C356252D2EEFE000BACCE7 /* Resources */,
			);
			buildRules = (
			);
			dependencies = (
			);
			name = "WebShield Filters";
			packageProductDependencies = (
			);
			productName = Extra;
			productReference = 00C4EAB72D30C4610008D09D /* WebShield Filters.appex */;
			productType = "com.apple.product-type.app-extension";
		};
/* End PBXNativeTarget section */

/* Begin PBXProject section */
		0018485A2C2956AC00EE2E7A /* Project object */ = {
			isa = PBXProject;
			attributes = {
				BuildIndependentTargetsInParallel = 1;
				LastSwiftUpdateCheck = 1620;
				LastUpgradeCheck = 1620;
				TargetAttributes = {
					000F2C9F2D2E533400871D5E = {
						CreatedOnToolsVersion = 16.2;
					};
					000F2CB02D2E533500871D5E = {
						CreatedOnToolsVersion = 16.2;
						TestTargetID = 000F2C9F2D2E533400871D5E;
					};
					000F2CBA2D2E533500871D5E = {
						CreatedOnToolsVersion = 16.2;
						TestTargetID = 000F2C9F2D2E533400871D5E;
					};
					006FC39B2D3095DD0091056F = {
						CreatedOnToolsVersion = 16.2;
					};
					00C356262D2EEFE000BACCE7 = {
						CreatedOnToolsVersion = 16.2;
					};
				};
			};
			buildConfigurationList = 0018485D2C2956AC00EE2E7A /* Build configuration list for PBXProject "WebShield" */;
			compatibilityVersion = "Xcode 15.0";
			developmentRegion = en;
			hasScannedForEncodings = 0;
			knownRegions = (
				en,
				Base,
			);
			mainGroup = 001848592C2956AC00EE2E7A;
			packageReferences = (
				00A76C0F2D2E835700CE43C4 /* XCRemoteSwiftPackageReference "SafariConverterLib" */,
			);
			productRefGroup = 001848592C2956AC00EE2E7A;
			projectDirPath = "";
			projectRoot = "";
			targets = (
				000F2C9F2D2E533400871D5E /* WebShield */,
				00C356262D2EEFE000BACCE7 /* WebShield Filters */,
				006FC39B2D3095DD0091056F /* WebShield Advanced */,
				000F2CB02D2E533500871D5E /* AppTests */,
				000F2CBA2D2E533500871D5E /* AppUITests */,
			);
		};
/* End PBXProject section */

/* Begin PBXResourcesBuildPhase section */
		000F2C9E2D2E533400871D5E /* Resources */ = {
			isa = PBXResourcesBuildPhase;
			buildActionMask = 2147483647;
			files = (
			);
			runOnlyForDeploymentPostprocessing = 0;
		};
		000F2CAF2D2E533500871D5E /* Resources */ = {
			isa = PBXResourcesBuildPhase;
			buildActionMask = 2147483647;
			files = (
			);
			runOnlyForDeploymentPostprocessing = 0;
		};
		000F2CB92D2E533500871D5E /* Resources */ = {
			isa = PBXResourcesBuildPhase;
			buildActionMask = 2147483647;
			files = (
			);
			runOnlyForDeploymentPostprocessing = 0;
		};
		006FC39A2D3095DD0091056F /* Resources */ = {
			isa = PBXResourcesBuildPhase;
			buildActionMask = 2147483647;
			files = (
			);
			runOnlyForDeploymentPostprocessing = 0;
		};
		00C356252D2EEFE000BACCE7 /* Resources */ = {
			isa = PBXResourcesBuildPhase;
			buildActionMask = 2147483647;
			files = (
			);
			runOnlyForDeploymentPostprocessing = 0;
		};
/* End PBXResourcesBuildPhase section */

/* Begin PBXSourcesBuildPhase section */
		000F2C9C2D2E533400871D5E /* Sources */ = {
			isa = PBXSourcesBuildPhase;
			buildActionMask = 2147483647;
			files = (
			);
			runOnlyForDeploymentPostprocessing = 0;
		};
		000F2CAD2D2E533500871D5E /* Sources */ = {
			isa = PBXSourcesBuildPhase;
			buildActionMask = 2147483647;
			files = (
			);
			runOnlyForDeploymentPostprocessing = 0;
		};
		000F2CB72D2E533500871D5E /* Sources */ = {
			isa = PBXSourcesBuildPhase;
			buildActionMask = 2147483647;
			files = (
			);
			runOnlyForDeploymentPostprocessing = 0;
		};
		006FC3982D3095DD0091056F /* Sources */ = {
			isa = PBXSourcesBuildPhase;
			buildActionMask = 2147483647;
			files = (
			);
			runOnlyForDeploymentPostprocessing = 0;
		};
		00C356232D2EEFE000BACCE7 /* Sources */ = {
			isa = PBXSourcesBuildPhase;
			buildActionMask = 2147483647;
			files = (
			);
			runOnlyForDeploymentPostprocessing = 0;
		};
/* End PBXSourcesBuildPhase section */

/* Begin PBXTargetDependency section */
		000F2CB32D2E533500871D5E /* PBXTargetDependency */ = {
			isa = PBXTargetDependency;
			target = 000F2C9F2D2E533400871D5E /* WebShield */;
			targetProxy = 000F2CB22D2E533500871D5E /* PBXContainerItemProxy */;
		};
		000F2CBD2D2E533500871D5E /* PBXTargetDependency */ = {
			isa = PBXTargetDependency;
			target = 000F2C9F2D2E533400871D5E /* WebShield */;
			targetProxy = 000F2CBC2D2E533500871D5E /* PBXContainerItemProxy */;
		};
		00681F7A2D30D49D00F9E3F1 /* PBXTargetDependency */ = {
			isa = PBXTargetDependency;
			target = 00C356262D2EEFE000BACCE7 /* WebShield Filters */;
			targetProxy = 00681F792D30D49D00F9E3F1 /* PBXContainerItemProxy */;
		};
		00681F7C2D30D4A000F9E3F1 /* PBXTargetDependency */ = {
			isa = PBXTargetDependency;
			target = 006FC39B2D3095DD0091056F /* WebShield Advanced */;
			targetProxy = 00681F7B2D30D4A000F9E3F1 /* PBXContainerItemProxy */;
		};
/* End PBXTargetDependency section */

/* Begin XCBuildConfiguration section */
		000F2CC42D2E533500871D5E /* Debug */ = {
			isa = XCBuildConfiguration;
			buildSettings = {
				ASSETCATALOG_COMPILER_APPICON_NAME = AppIcon;
				ASSETCATALOG_COMPILER_GLOBAL_ACCENT_COLOR_NAME = AccentColor;
				ASSETCATALOG_COMPILER_INCLUDE_ALL_APPICON_ASSETS = YES;
				CLANG_CXX_LANGUAGE_STANDARD = "c++23";
				CLANG_ENABLE_MODULES = NO;
				CLANG_TIDY_BUGPRONE_REDUNDANT_BRANCH_CONDITION = YES;
				CLANG_TIDY_MISC_REDUNDANT_EXPRESSION = YES;
				CLANG_UNDEFINED_BEHAVIOR_SANITIZER_INTEGER = YES;
				CLANG_UNDEFINED_BEHAVIOR_SANITIZER_NULLABILITY = YES;
				CLANG_WARN_UNREACHABLE_CODE = YES_AGGRESSIVE;
				CODE_SIGN_ENTITLEMENTS = WebShieldApp/WebShieldApp.entitlements;
				CODE_SIGN_STYLE = Automatic;
				CURRENT_PROJECT_VERSION = 4;
				DEBUG_INFORMATION_FORMAT = dwarf;
				DEVELOPMENT_ASSET_PATHS = "\"WebShieldApp/Preview Content\"";
				DEVELOPMENT_TEAM = FP48FZ5499;
				ENABLE_NS_ASSERTIONS = YES;
				ENABLE_PREVIEWS = YES;
				ENABLE_STRICT_OBJC_MSGSEND = YES;
				ENABLE_USER_SCRIPT_SANDBOXING = YES;
				FUSE_BUILD_SCRIPT_PHASES = YES;
				GCC_C_LANGUAGE_STANDARD = gnu17;
				GCC_WARN_UNINITIALIZED_AUTOS = YES_AGGRESSIVE;
				GCC_WARN_UNUSED_FUNCTION = YES;
				GCC_WARN_UNUSED_LABEL = YES;
				GCC_WARN_UNUSED_PARAMETER = YES;
				GCC_WARN_UNUSED_VARIABLE = YES;
				GENERATE_INFOPLIST_FILE = YES;
				INFOPLIST_FILE = WebShieldApp/Info.plist;
				INFOPLIST_KEY_CFBundleDisplayName = WebShield;
				INFOPLIST_KEY_LSApplicationCategoryType = "public.app-category.utilities";
				INFOPLIST_KEY_NSPrincipalClass = NSApplication;
				INFOPLIST_KEY_UILaunchScreen_Generation = YES;
				INFOPLIST_KEY_UILaunchStoryboardName = LaunchScreen;
				INFOPLIST_KEY_UIRequiredDeviceCapabilities = arm64;
				INFOPLIST_KEY_UIStatusBarStyle = "";
				INFOPLIST_KEY_UISupportedInterfaceOrientations = "UIInterfaceOrientationLandscapeLeft UIInterfaceOrientationLandscapeRight UIInterfaceOrientationPortrait UIInterfaceOrientationPortraitUpsideDown";
				IPHONEOS_DEPLOYMENT_TARGET = 17.6;
				LD_RUNPATH_SEARCH_PATHS = (
					"$(inherited)",
					"@executable_path/Frameworks",
				);
				LD_WARN_DUPLICATE_LIBRARIES = NO;
				LD_WARN_UNUSED_DYLIBS = NO;
				MARKETING_VERSION = 0.1.1;
				PRODUCT_BUNDLE_IDENTIFIER = dev.arjuna.WebShield;
				PRODUCT_NAME = "$(TARGET_NAME)";
				SUPPORTED_PLATFORMS = "iphoneos iphonesimulator macosx xros xrsimulator";
				SUPPORTS_MACCATALYST = NO;
				SUPPORTS_MAC_DESIGNED_FOR_IPHONE_IPAD = NO;
				SUPPORTS_XR_DESIGNED_FOR_IPHONE_IPAD = NO;
				SWIFT_EMIT_LOC_STRINGS = NO;
				SWIFT_INSTALL_MODULE = NO;
				SWIFT_INSTALL_OBJC_HEADER = NO;
				SWIFT_OPTIMIZATION_LEVEL = "-Onone";
				SWIFT_VERSION = 6.0;
				TARGETED_DEVICE_FAMILY = "1,2,7";
				VALIDATE_PRODUCT = YES;
			};
			name = Debug;
		};
		000F2CC52D2E533500871D5E /* Release */ = {
			isa = XCBuildConfiguration;
			buildSettings = {
				ASSETCATALOG_COMPILER_APPICON_NAME = AppIcon;
				ASSETCATALOG_COMPILER_GLOBAL_ACCENT_COLOR_NAME = AccentColor;
				ASSETCATALOG_COMPILER_INCLUDE_ALL_APPICON_ASSETS = YES;
				CLANG_CXX_LANGUAGE_STANDARD = "c++23";
				CLANG_ENABLE_MODULES = NO;
				CLANG_TIDY_BUGPRONE_REDUNDANT_BRANCH_CONDITION = YES;
				CLANG_TIDY_MISC_REDUNDANT_EXPRESSION = YES;
				CLANG_UNDEFINED_BEHAVIOR_SANITIZER_INTEGER = YES;
				CLANG_UNDEFINED_BEHAVIOR_SANITIZER_NULLABILITY = YES;
				CLANG_WARN_UNREACHABLE_CODE = YES_AGGRESSIVE;
				CODE_SIGN_ENTITLEMENTS = WebShieldApp/WebShieldApp.entitlements;
				CODE_SIGN_STYLE = Automatic;
				CURRENT_PROJECT_VERSION = 4;
				DEBUG_INFORMATION_FORMAT = "dwarf-with-dsym";
				DEVELOPMENT_ASSET_PATHS = "\"WebShieldApp/Preview Content\"";
				DEVELOPMENT_TEAM = FP48FZ5499;
				ENABLE_NS_ASSERTIONS = YES;
				ENABLE_PREVIEWS = YES;
				ENABLE_STRICT_OBJC_MSGSEND = YES;
				ENABLE_USER_SCRIPT_SANDBOXING = YES;
				FUSE_BUILD_SCRIPT_PHASES = YES;
				GCC_C_LANGUAGE_STANDARD = gnu17;
				GCC_WARN_UNINITIALIZED_AUTOS = YES_AGGRESSIVE;
				GCC_WARN_UNUSED_FUNCTION = YES;
				GCC_WARN_UNUSED_LABEL = YES;
				GCC_WARN_UNUSED_PARAMETER = YES;
				GCC_WARN_UNUSED_VARIABLE = YES;
				GENERATE_INFOPLIST_FILE = YES;
				INFOPLIST_FILE = WebShieldApp/Info.plist;
				INFOPLIST_KEY_CFBundleDisplayName = WebShield;
				INFOPLIST_KEY_LSApplicationCategoryType = "public.app-category.utilities";
				INFOPLIST_KEY_NSPrincipalClass = NSApplication;
				INFOPLIST_KEY_UILaunchScreen_Generation = YES;
				INFOPLIST_KEY_UILaunchStoryboardName = LaunchScreen;
				INFOPLIST_KEY_UIRequiredDeviceCapabilities = arm64;
				INFOPLIST_KEY_UIStatusBarStyle = "";
				INFOPLIST_KEY_UISupportedInterfaceOrientations = "UIInterfaceOrientationLandscapeLeft UIInterfaceOrientationLandscapeRight UIInterfaceOrientationPortrait UIInterfaceOrientationPortraitUpsideDown";
				IPHONEOS_DEPLOYMENT_TARGET = 17.6;
				LD_RUNPATH_SEARCH_PATHS = (
					"$(inherited)",
					"@executable_path/Frameworks",
				);
				LD_WARN_DUPLICATE_LIBRARIES = NO;
				LD_WARN_UNUSED_DYLIBS = NO;
				MARKETING_VERSION = 0.1.1;
				PRODUCT_BUNDLE_IDENTIFIER = dev.arjuna.WebShield;
				PRODUCT_NAME = "$(TARGET_NAME)";
				SUPPORTED_PLATFORMS = "iphoneos iphonesimulator macosx xros xrsimulator";
				SUPPORTS_MACCATALYST = NO;
				SUPPORTS_MAC_DESIGNED_FOR_IPHONE_IPAD = NO;
				SUPPORTS_XR_DESIGNED_FOR_IPHONE_IPAD = NO;
				SWIFT_EMIT_LOC_STRINGS = NO;
				SWIFT_INSTALL_MODULE = NO;
				SWIFT_INSTALL_OBJC_HEADER = NO;
				SWIFT_VERSION = 6.0;
				TARGETED_DEVICE_FAMILY = "1,2,7";
				VALIDATE_PRODUCT = YES;
			};
			name = Release;
		};
		000F2CC72D2E533500871D5E /* Debug */ = {
			isa = XCBuildConfiguration;
			buildSettings = {
				BUNDLE_LOADER = "$(TEST_HOST)";
				CLANG_CXX_LANGUAGE_STANDARD = "gnu++20";
				CODE_SIGN_STYLE = Automatic;
				COPY_PHASE_STRIP = NO;
				CURRENT_PROJECT_VERSION = 1;
				DEVELOPMENT_TEAM = FP48FZ5499;
				GCC_C_LANGUAGE_STANDARD = gnu17;
				GENERATE_INFOPLIST_FILE = YES;
				IPHONEOS_DEPLOYMENT_TARGET = 18.2;
				MACOSX_DEPLOYMENT_TARGET = 14;
				MARKETING_VERSION = 1.0;
				PRODUCT_BUNDLE_IDENTIFIER = dev.arjuna.WebShield.aTests;
				PRODUCT_NAME = "$(TARGET_NAME)";
				SDKROOT = iphoneos;
				SUPPORTED_PLATFORMS = macosx;
				SUPPORTS_MACCATALYST = NO;
				SUPPORTS_MAC_DESIGNED_FOR_IPHONE_IPAD = NO;
				SUPPORTS_XR_DESIGNED_FOR_IPHONE_IPAD = NO;
				SWIFT_EMIT_LOC_STRINGS = NO;
				SWIFT_OPTIMIZATION_LEVEL = "-Onone";
				SWIFT_VERSION = 5.0;
				TEST_HOST = "$(BUILT_PRODUCTS_DIR)/a.app/$(BUNDLE_EXECUTABLE_FOLDER_PATH)/a";
			};
			name = Debug;
		};
		000F2CC82D2E533500871D5E /* Release */ = {
			isa = XCBuildConfiguration;
			buildSettings = {
				BUNDLE_LOADER = "$(TEST_HOST)";
				CLANG_CXX_LANGUAGE_STANDARD = "gnu++20";
				CODE_SIGN_STYLE = Automatic;
				COPY_PHASE_STRIP = NO;
				CURRENT_PROJECT_VERSION = 1;
				DEBUG_INFORMATION_FORMAT = "dwarf-with-dsym";
				DEVELOPMENT_TEAM = FP48FZ5499;
				GCC_C_LANGUAGE_STANDARD = gnu17;
				GENERATE_INFOPLIST_FILE = YES;
				IPHONEOS_DEPLOYMENT_TARGET = 18.2;
				MACOSX_DEPLOYMENT_TARGET = 14;
				MARKETING_VERSION = 1.0;
				PRODUCT_BUNDLE_IDENTIFIER = dev.arjuna.WebShield.aTests;
				PRODUCT_NAME = "$(TARGET_NAME)";
				SDKROOT = iphoneos;
				SUPPORTED_PLATFORMS = macosx;
				SUPPORTS_MACCATALYST = NO;
				SUPPORTS_MAC_DESIGNED_FOR_IPHONE_IPAD = NO;
				SUPPORTS_XR_DESIGNED_FOR_IPHONE_IPAD = NO;
				SWIFT_EMIT_LOC_STRINGS = NO;
				SWIFT_VERSION = 5.0;
				TEST_HOST = "$(BUILT_PRODUCTS_DIR)/a.app/$(BUNDLE_EXECUTABLE_FOLDER_PATH)/a";
				VALIDATE_PRODUCT = YES;
			};
			name = Release;
		};
		000F2CCA2D2E533500871D5E /* Debug */ = {
			isa = XCBuildConfiguration;
			buildSettings = {
				CLANG_CXX_LANGUAGE_STANDARD = "gnu++20";
				CODE_SIGN_STYLE = Automatic;
				COPY_PHASE_STRIP = NO;
				CURRENT_PROJECT_VERSION = 1;
				DEVELOPMENT_TEAM = FP48FZ5499;
				GCC_C_LANGUAGE_STANDARD = gnu17;
				GENERATE_INFOPLIST_FILE = YES;
				IPHONEOS_DEPLOYMENT_TARGET = 18.2;
				MACOSX_DEPLOYMENT_TARGET = 14;
				MARKETING_VERSION = 1.0;
				PRODUCT_BUNDLE_IDENTIFIER = dev.arjuna.WebShield.aUITests;
				PRODUCT_NAME = "$(TARGET_NAME)";
				SDKROOT = iphoneos;
				SUPPORTED_PLATFORMS = macosx;
				SUPPORTS_MACCATALYST = NO;
				SUPPORTS_MAC_DESIGNED_FOR_IPHONE_IPAD = NO;
				SUPPORTS_XR_DESIGNED_FOR_IPHONE_IPAD = NO;
				SWIFT_EMIT_LOC_STRINGS = NO;
				SWIFT_OPTIMIZATION_LEVEL = "-Onone";
				SWIFT_VERSION = 5.0;
				TEST_TARGET_NAME = a;
			};
			name = Debug;
		};
		000F2CCB2D2E533500871D5E /* Release */ = {
			isa = XCBuildConfiguration;
			buildSettings = {
				CLANG_CXX_LANGUAGE_STANDARD = "gnu++20";
				CODE_SIGN_STYLE = Automatic;
				COPY_PHASE_STRIP = NO;
				CURRENT_PROJECT_VERSION = 1;
				DEBUG_INFORMATION_FORMAT = "dwarf-with-dsym";
				DEVELOPMENT_TEAM = FP48FZ5499;
				GCC_C_LANGUAGE_STANDARD = gnu17;
				GENERATE_INFOPLIST_FILE = YES;
				IPHONEOS_DEPLOYMENT_TARGET = 18.2;
				MACOSX_DEPLOYMENT_TARGET = 14;
				MARKETING_VERSION = 1.0;
				PRODUCT_BUNDLE_IDENTIFIER = dev.arjuna.WebShield.aUITests;
				PRODUCT_NAME = "$(TARGET_NAME)";
				SDKROOT = iphoneos;
				SUPPORTED_PLATFORMS = macosx;
				SUPPORTS_MACCATALYST = NO;
				SUPPORTS_MAC_DESIGNED_FOR_IPHONE_IPAD = NO;
				SUPPORTS_XR_DESIGNED_FOR_IPHONE_IPAD = NO;
				SWIFT_EMIT_LOC_STRINGS = NO;
				SWIFT_VERSION = 5.0;
				TEST_TARGET_NAME = a;
				VALIDATE_PRODUCT = YES;
			};
			name = Release;
		};
		0018486F2C2956AD00EE2E7A /* Debug */ = {
			isa = XCBuildConfiguration;
			buildSettings = {
				ARCHS = "$(ARCHS_STANDARD)";
				ASSETCATALOG_COMPILER_GENERATE_SWIFT_ASSET_SYMBOL_EXTENSIONS = NO;
				CLANG_ANALYZER_NONNULL = YES_NONAGGRESSIVE;
				CLANG_CXX_LANGUAGE_STANDARD = "c++23";
				CLANG_ENABLE_MODULES = NO;
				CLANG_ENABLE_OBJC_ARC = NO;
				CLANG_ENABLE_OBJC_WEAK = NO;
				CLANG_WARN_BLOCK_CAPTURE_AUTORELEASING = NO;
				CLANG_WARN_COMMA = NO;
				CLANG_WARN_DEPRECATED_OBJC_IMPLEMENTATIONS = NO;
				CLANG_WARN_DOCUMENTATION_COMMENTS = NO;
				CLANG_WARN_EMPTY_BODY = NO;
				CLANG_WARN_INFINITE_RECURSION = NO;
				CLANG_WARN_OBJC_IMPLICIT_RETAIN_SELF = NO;
				CLANG_WARN_OBJC_ROOT_CLASS = YES;
				CLANG_WARN_QUOTED_INCLUDE_IN_FRAMEWORK_HEADER = NO;
				CLANG_WARN_RANGE_LOOP_ANALYSIS = NO;
				CLANG_WARN_STRICT_PROTOTYPES = NO;
				CLANG_WARN_SUSPICIOUS_MOVE = NO;
				CLANG_WARN_UNGUARDED_AVAILABILITY = YES;
				CLANG_WARN_UNREACHABLE_CODE = NO;
				CLANG_WARN__DUPLICATE_METHOD_MATCH = YES;
				CODE_SIGN_IDENTITY = "Apple Development";
				DEBUG_INFORMATION_FORMAT = dwarf;
				ENABLE_HARDENED_RUNTIME = YES;
				ENABLE_STRICT_OBJC_MSGSEND = NO;
				ENABLE_USER_SCRIPT_SANDBOXING = YES;
				FUSE_BUILD_SCRIPT_PHASES = YES;
				GCC_C_LANGUAGE_STANDARD = c17;
				GCC_DYNAMIC_NO_PIC = NO;
				GCC_NO_COMMON_BLOCKS = NO;
				GCC_PREPROCESSOR_DEFINITIONS = (
					"DEBUG=1",
					"$(inherited)",
				);
				GCC_WARN_ABOUT_RETURN_TYPE = NO;
				GCC_WARN_UNDECLARED_SELECTOR = NO;
				GCC_WARN_UNINITIALIZED_AUTOS = NO;
				GCC_WARN_UNUSED_FUNCTION = NO;
				GCC_WARN_UNUSED_VARIABLE = NO;
				INFOPLIST_KEY_UILaunchScreen_Generation = YES;
				LOCALIZATION_PREFERS_STRING_CATALOGS = NO;
				MARKETING_VERSION = 0.1.0.0.1;
				MTL_ENABLE_DEBUG_INFO = INCLUDE_SOURCE;
				MTL_FAST_MATH = YES;
				ONLY_ACTIVE_ARCH = NO;
				OTHER_CODE_SIGN_FLAGS = "";
				PRODUCT_BUNDLE_IDENTIFIER = dev.arjuna.WebShield;
				PRODUCT_MODULE_NAME = WebShield;
				RUN_CLANG_STATIC_ANALYZER = NO;
				SDKROOT = macosx;
				SUPPORTED_PLATFORMS = "xrsimulator xros macosx iphonesimulator iphoneos";
				SUPPORTS_MACCATALYST = YES;
				SWIFT_ACTIVE_COMPILATION_CONDITIONS = "DEBUG $(inherited)";
				SWIFT_INSTALL_MODULE = NO;
				SWIFT_INSTALL_OBJC_HEADER = NO;
				SWIFT_OPTIMIZATION_LEVEL = "-Onone";
				SWIFT_VERSION = 6.0;
				USE_HEADERMAP = NO;
				VALIDATE_PRODUCT = YES;
			};
			name = Debug;
		};
		001848702C2956AD00EE2E7A /* Release */ = {
			isa = XCBuildConfiguration;
			buildSettings = {
				ARCHS = "$(ARCHS_STANDARD)";
				ASSETCATALOG_COMPILER_GENERATE_SWIFT_ASSET_SYMBOL_EXTENSIONS = NO;
				CLANG_ANALYZER_NONNULL = YES_NONAGGRESSIVE;
				CLANG_CXX_LANGUAGE_STANDARD = "c++23";
				CLANG_ENABLE_MODULES = NO;
				CLANG_ENABLE_OBJC_ARC = NO;
				CLANG_ENABLE_OBJC_WEAK = NO;
				CLANG_WARN_BLOCK_CAPTURE_AUTORELEASING = NO;
				CLANG_WARN_COMMA = NO;
				CLANG_WARN_DEPRECATED_OBJC_IMPLEMENTATIONS = NO;
				CLANG_WARN_DOCUMENTATION_COMMENTS = NO;
				CLANG_WARN_EMPTY_BODY = NO;
				CLANG_WARN_INFINITE_RECURSION = NO;
				CLANG_WARN_OBJC_IMPLICIT_RETAIN_SELF = NO;
				CLANG_WARN_OBJC_ROOT_CLASS = YES;
				CLANG_WARN_QUOTED_INCLUDE_IN_FRAMEWORK_HEADER = NO;
				CLANG_WARN_RANGE_LOOP_ANALYSIS = NO;
				CLANG_WARN_STRICT_PROTOTYPES = NO;
				CLANG_WARN_SUSPICIOUS_MOVE = NO;
				CLANG_WARN_UNGUARDED_AVAILABILITY = YES;
				CLANG_WARN_UNREACHABLE_CODE = NO;
				CLANG_WARN__DUPLICATE_METHOD_MATCH = YES;
				CODE_SIGN_IDENTITY = "Apple Development";
				DEBUG_INFORMATION_FORMAT = "dwarf-with-dsym";
				ENABLE_HARDENED_RUNTIME = YES;
				ENABLE_NS_ASSERTIONS = YES;
				ENABLE_STRICT_OBJC_MSGSEND = NO;
				ENABLE_USER_SCRIPT_SANDBOXING = YES;
				FUSE_BUILD_SCRIPT_PHASES = YES;
				GCC_C_LANGUAGE_STANDARD = c17;
				GCC_NO_COMMON_BLOCKS = NO;
				GCC_WARN_ABOUT_RETURN_TYPE = NO;
				GCC_WARN_UNDECLARED_SELECTOR = NO;
				GCC_WARN_UNINITIALIZED_AUTOS = NO;
				GCC_WARN_UNUSED_FUNCTION = NO;
				GCC_WARN_UNUSED_VARIABLE = NO;
				INFOPLIST_KEY_UILaunchScreen_Generation = YES;
				LOCALIZATION_PREFERS_STRING_CATALOGS = NO;
				MARKETING_VERSION = 0.1.0.0.1;
				MTL_ENABLE_DEBUG_INFO = NO;
				MTL_FAST_MATH = YES;
				OTHER_CODE_SIGN_FLAGS = "";
				PRODUCT_BUNDLE_IDENTIFIER = dev.arjuna.WebShield;
				PRODUCT_MODULE_NAME = WebShield;
				RUN_CLANG_STATIC_ANALYZER = NO;
				SDKROOT = macosx;
				SUPPORTED_PLATFORMS = "xrsimulator xros macosx iphonesimulator iphoneos";
				SUPPORTS_MACCATALYST = YES;
				SWIFT_INSTALL_MODULE = NO;
				SWIFT_INSTALL_OBJC_HEADER = NO;
				SWIFT_VERSION = 6.0;
				USE_HEADERMAP = NO;
				VALIDATE_PRODUCT = YES;
			};
			name = Release;
		};
		006FC3CD2D3095DD0091056F /* Debug */ = {
			isa = XCBuildConfiguration;
			buildSettings = {
				CODE_SIGN_ENTITLEMENTS = WebShieldAdvanced/WebShieldAdvanced.entitlements;
				CURRENT_PROJECT_VERSION = 4;
				DEVELOPMENT_TEAM = FP48FZ5499;
				ENABLE_USER_SCRIPT_SANDBOXING = YES;
				FUSE_BUILD_SCRIPT_PHASES = YES;
				GENERATE_INFOPLIST_FILE = YES;
				INFOPLIST_FILE = WebShieldAdvanced/Info.plist;
				INFOPLIST_KEY_CFBundleDisplayName = "WebShield Advanced";
				INFOPLIST_KEY_UILaunchScreen_Generation = YES;
				IPHONEOS_DEPLOYMENT_TARGET = 17.6;
				MARKETING_VERSION = 0.1.1;
				PRODUCT_BUNDLE_IDENTIFIER = dev.arjuna.WebShield.Advanced;
				PRODUCT_MODULE_NAME = WebShieldAdvanced;
				PRODUCT_NAME = "WebShield Advanced";
				SUPPORTED_PLATFORMS = "iphoneos iphonesimulator macosx xros xrsimulator";
				SUPPORTS_MACCATALYST = NO;
				SWIFT_OPTIMIZATION_LEVEL = "-Onone";
				SWIFT_VERSION = 6.0;
				TARGETED_DEVICE_FAMILY = "1,2,7";
				VALIDATE_PRODUCT = YES;
			};
			name = Debug;
		};
		006FC3CE2D3095DD0091056F /* Release */ = {
			isa = XCBuildConfiguration;
			buildSettings = {
				CODE_SIGN_ENTITLEMENTS = WebShieldAdvanced/WebShieldAdvanced.entitlements;
				CURRENT_PROJECT_VERSION = 4;
				DEVELOPMENT_TEAM = FP48FZ5499;
				ENABLE_USER_SCRIPT_SANDBOXING = YES;
				FUSE_BUILD_SCRIPT_PHASES = YES;
				GENERATE_INFOPLIST_FILE = YES;
				INFOPLIST_FILE = WebShieldAdvanced/Info.plist;
				INFOPLIST_KEY_CFBundleDisplayName = "WebShield Advanced";
				INFOPLIST_KEY_UILaunchScreen_Generation = YES;
				IPHONEOS_DEPLOYMENT_TARGET = 17.6;
				MARKETING_VERSION = 0.1.1;
				PRODUCT_BUNDLE_IDENTIFIER = dev.arjuna.WebShield.Advanced;
				PRODUCT_MODULE_NAME = WebShieldAdvanced;
				PRODUCT_NAME = "WebShield Advanced";
				SUPPORTED_PLATFORMS = "iphoneos iphonesimulator macosx xros xrsimulator";
				SUPPORTS_MACCATALYST = NO;
				SWIFT_VERSION = 6.0;
				TARGETED_DEVICE_FAMILY = "1,2,7";
				VALIDATE_PRODUCT = YES;
			};
			name = Release;
		};
		00C356342D2EEFE100BACCE7 /* Debug */ = {
			isa = XCBuildConfiguration;
			buildSettings = {
				ASSETCATALOG_COMPILER_GENERATE_SWIFT_ASSET_SYMBOL_EXTENSIONS = YES;
				CLANG_ANALYZER_NONNULL = YES;
				CLANG_CXX_LANGUAGE_STANDARD = "c++23";
				CLANG_ENABLE_MODULES = NO;
				CLANG_ENABLE_OBJC_ARC = YES;
				CLANG_ENABLE_OBJC_WEAK = YES;
				CLANG_TIDY_BUGPRONE_REDUNDANT_BRANCH_CONDITION = YES;
				CLANG_TIDY_MISC_REDUNDANT_EXPRESSION = YES;
				CLANG_UNDEFINED_BEHAVIOR_SANITIZER_INTEGER = YES;
				CLANG_UNDEFINED_BEHAVIOR_SANITIZER_NULLABILITY = YES;
				CLANG_WARN_BLOCK_CAPTURE_AUTORELEASING = YES;
				CLANG_WARN_COMMA = YES;
				CLANG_WARN_DEPRECATED_OBJC_IMPLEMENTATIONS = YES;
				CLANG_WARN_DOCUMENTATION_COMMENTS = YES;
				CLANG_WARN_EMPTY_BODY = YES;
				CLANG_WARN_INFINITE_RECURSION = YES;
				CLANG_WARN_OBJC_IMPLICIT_RETAIN_SELF = YES;
				CLANG_WARN_OBJC_ROOT_CLASS = YES_ERROR;
				CLANG_WARN_QUOTED_INCLUDE_IN_FRAMEWORK_HEADER = YES;
				CLANG_WARN_RANGE_LOOP_ANALYSIS = YES;
				CLANG_WARN_STRICT_PROTOTYPES = YES;
				CLANG_WARN_SUSPICIOUS_MOVE = YES;
				CLANG_WARN_UNGUARDED_AVAILABILITY = YES_AGGRESSIVE;
				CLANG_WARN_UNREACHABLE_CODE = YES_AGGRESSIVE;
				CODE_SIGN_ENTITLEMENTS = WebShieldFilters/WebShieldFilters.entitlements;
				CODE_SIGN_STYLE = Automatic;
				CURRENT_PROJECT_VERSION = 4;
				DEVELOPMENT_TEAM = FP48FZ5499;
				ENABLE_HARDENED_RUNTIME = YES;
				ENABLE_NS_ASSERTIONS = YES;
				ENABLE_STRICT_OBJC_MSGSEND = YES;
				ENABLE_USER_SCRIPT_SANDBOXING = YES;
				FUSE_BUILD_SCRIPT_PHASES = YES;
				GCC_C_LANGUAGE_STANDARD = gnu17;
				GCC_NO_COMMON_BLOCKS = YES;
				GCC_WARN_ABOUT_RETURN_TYPE = YES_ERROR;
				GCC_WARN_UNDECLARED_SELECTOR = YES;
				GCC_WARN_UNINITIALIZED_AUTOS = YES_AGGRESSIVE;
				GCC_WARN_UNUSED_FUNCTION = YES;
				GCC_WARN_UNUSED_LABEL = YES;
				GCC_WARN_UNUSED_PARAMETER = YES;
				GCC_WARN_UNUSED_VARIABLE = YES;
				GENERATE_INFOPLIST_FILE = YES;
				INFOPLIST_FILE = WebShieldFilters/Info.plist;
				INFOPLIST_KEY_CFBundleDisplayName = "WebShield Filters";
				INFOPLIST_KEY_NSHumanReadableCopyright = "";
				INFOPLIST_KEY_UILaunchScreen_Generation = YES;
				IPHONEOS_DEPLOYMENT_TARGET = 17.6;
				LD_RUNPATH_SEARCH_PATHS = (
					"$(inherited)",
					"@executable_path/../Frameworks",
					"@executable_path/../../../../Frameworks",
				);
				MARKETING_VERSION = 0.1.1;
				PRODUCT_BUNDLE_IDENTIFIER = dev.arjuna.WebShield.Filters;
				PRODUCT_MODULE_NAME = WebShieldFilters;
				PRODUCT_NAME = "$(TARGET_NAME)";
				SUPPORTED_PLATFORMS = "iphoneos iphonesimulator macosx xros xrsimulator";
				SUPPORTS_MACCATALYST = NO;
				SWIFT_EMIT_LOC_STRINGS = YES;
				SWIFT_OPTIMIZATION_LEVEL = "-Onone";
				SWIFT_VERSION = 6.0;
				TARGETED_DEVICE_FAMILY = "1,2,7";
				VALIDATE_PRODUCT = YES;
			};
			name = Debug;
		};
		00C356352D2EEFE100BACCE7 /* Release */ = {
			isa = XCBuildConfiguration;
			buildSettings = {
				ASSETCATALOG_COMPILER_GENERATE_SWIFT_ASSET_SYMBOL_EXTENSIONS = YES;
				CLANG_ANALYZER_NONNULL = YES;
				CLANG_CXX_LANGUAGE_STANDARD = "c++23";
				CLANG_ENABLE_MODULES = NO;
				CLANG_ENABLE_OBJC_ARC = YES;
				CLANG_ENABLE_OBJC_WEAK = YES;
				CLANG_TIDY_BUGPRONE_REDUNDANT_BRANCH_CONDITION = YES;
				CLANG_TIDY_MISC_REDUNDANT_EXPRESSION = YES;
				CLANG_UNDEFINED_BEHAVIOR_SANITIZER_INTEGER = YES;
				CLANG_UNDEFINED_BEHAVIOR_SANITIZER_NULLABILITY = YES;
				CLANG_WARN_BLOCK_CAPTURE_AUTORELEASING = YES;
				CLANG_WARN_COMMA = YES;
				CLANG_WARN_DEPRECATED_OBJC_IMPLEMENTATIONS = YES;
				CLANG_WARN_DOCUMENTATION_COMMENTS = YES;
				CLANG_WARN_EMPTY_BODY = YES;
				CLANG_WARN_INFINITE_RECURSION = YES;
				CLANG_WARN_OBJC_IMPLICIT_RETAIN_SELF = YES;
				CLANG_WARN_OBJC_ROOT_CLASS = YES_ERROR;
				CLANG_WARN_QUOTED_INCLUDE_IN_FRAMEWORK_HEADER = YES;
				CLANG_WARN_RANGE_LOOP_ANALYSIS = YES;
				CLANG_WARN_STRICT_PROTOTYPES = YES;
				CLANG_WARN_SUSPICIOUS_MOVE = YES;
				CLANG_WARN_UNGUARDED_AVAILABILITY = YES_AGGRESSIVE;
				CLANG_WARN_UNREACHABLE_CODE = YES_AGGRESSIVE;
				CODE_SIGN_ENTITLEMENTS = WebShieldFilters/WebShieldFilters.entitlements;
				CODE_SIGN_STYLE = Automatic;
				CURRENT_PROJECT_VERSION = 4;
				DEVELOPMENT_TEAM = FP48FZ5499;
				ENABLE_HARDENED_RUNTIME = YES;
				ENABLE_NS_ASSERTIONS = YES;
				ENABLE_STRICT_OBJC_MSGSEND = YES;
				ENABLE_USER_SCRIPT_SANDBOXING = YES;
				FUSE_BUILD_SCRIPT_PHASES = YES;
				GCC_C_LANGUAGE_STANDARD = gnu17;
				GCC_NO_COMMON_BLOCKS = YES;
				GCC_WARN_ABOUT_RETURN_TYPE = YES_ERROR;
				GCC_WARN_UNDECLARED_SELECTOR = YES;
				GCC_WARN_UNINITIALIZED_AUTOS = YES_AGGRESSIVE;
				GCC_WARN_UNUSED_FUNCTION = YES;
				GCC_WARN_UNUSED_LABEL = YES;
				GCC_WARN_UNUSED_PARAMETER = YES;
				GCC_WARN_UNUSED_VARIABLE = YES;
				GENERATE_INFOPLIST_FILE = YES;
				INFOPLIST_FILE = WebShieldFilters/Info.plist;
				INFOPLIST_KEY_CFBundleDisplayName = "WebShield Filters";
				INFOPLIST_KEY_NSHumanReadableCopyright = "";
				INFOPLIST_KEY_UILaunchScreen_Generation = YES;
				IPHONEOS_DEPLOYMENT_TARGET = 17.6;
				LD_RUNPATH_SEARCH_PATHS = (
					"$(inherited)",
					"@executable_path/../Frameworks",
					"@executable_path/../../../../Frameworks",
				);
				MARKETING_VERSION = 0.1.1;
				PRODUCT_BUNDLE_IDENTIFIER = dev.arjuna.WebShield.Filters;
				PRODUCT_MODULE_NAME = WebShieldFilters;
				PRODUCT_NAME = "$(TARGET_NAME)";
				SUPPORTED_PLATFORMS = "iphoneos iphonesimulator macosx xros xrsimulator";
				SUPPORTS_MACCATALYST = NO;
				SWIFT_EMIT_LOC_STRINGS = YES;
				SWIFT_VERSION = 6.0;
				TARGETED_DEVICE_FAMILY = "1,2,7";
				VALIDATE_PRODUCT = YES;
			};
			name = Release;
		};
/* End XCBuildConfiguration section */

/* Begin XCConfigurationList section */
		000F2CC32D2E533500871D5E /* Build configuration list for PBXNativeTarget "WebShield" */ = {
			isa = XCConfigurationList;
			buildConfigurations = (
				000F2CC42D2E533500871D5E /* Debug */,
				000F2CC52D2E533500871D5E /* Release */,
			);
			defaultConfigurationIsVisible = 0;
			defaultConfigurationName = Release;
		};
		000F2CC62D2E533500871D5E /* Build configuration list for PBXNativeTarget "AppTests" */ = {
			isa = XCConfigurationList;
			buildConfigurations = (
				000F2CC72D2E533500871D5E /* Debug */,
				000F2CC82D2E533500871D5E /* Release */,
			);
			defaultConfigurationIsVisible = 0;
			defaultConfigurationName = Release;
		};
		000F2CC92D2E533500871D5E /* Build configuration list for PBXNativeTarget "AppUITests" */ = {
			isa = XCConfigurationList;
			buildConfigurations = (
				000F2CCA2D2E533500871D5E /* Debug */,
				000F2CCB2D2E533500871D5E /* Release */,
			);
			defaultConfigurationIsVisible = 0;
			defaultConfigurationName = Release;
		};
		0018485D2C2956AC00EE2E7A /* Build configuration list for PBXProject "WebShield" */ = {
			isa = XCConfigurationList;
			buildConfigurations = (
				0018486F2C2956AD00EE2E7A /* Debug */,
				001848702C2956AD00EE2E7A /* Release */,
			);
			defaultConfigurationIsVisible = 0;
			defaultConfigurationName = Release;
		};
		006FC3CC2D3095DD0091056F /* Build configuration list for PBXNativeTarget "WebShield Advanced" */ = {
			isa = XCConfigurationList;
			buildConfigurations = (
				006FC3CD2D3095DD0091056F /* Debug */,
				006FC3CE2D3095DD0091056F /* Release */,
			);
			defaultConfigurationIsVisible = 0;
			defaultConfigurationName = Release;
		};
		00C356332D2EEFE100BACCE7 /* Build configuration list for PBXNativeTarget "WebShield Filters" */ = {
			isa = XCConfigurationList;
			buildConfigurations = (
				00C356342D2EEFE100BACCE7 /* Debug */,
				00C356352D2EEFE100BACCE7 /* Release */,
			);
			defaultConfigurationIsVisible = 0;
			defaultConfigurationName = Release;
		};
/* End XCConfigurationList section */

/* Begin XCRemoteSwiftPackageReference section */
		00A76C0F2D2E835700CE43C4 /* XCRemoteSwiftPackageReference "SafariConverterLib" */ = {
			isa = XCRemoteSwiftPackageReference;
			repositoryURL = "https://github.com/AdguardTeam/SafariConverterLib.git";
			requirement = {
				branch = master;
				kind = branch;
			};
		};
/* End XCRemoteSwiftPackageReference section */

/* Begin XCSwiftPackageProductDependency section */
		006FC3E32D30A07B0091056F /* ContentBlockerConverter */ = {
			isa = XCSwiftPackageProductDependency;
			package = 00A76C0F2D2E835700CE43C4 /* XCRemoteSwiftPackageReference "SafariConverterLib" */;
			productName = ContentBlockerConverter;
		};
		00A76C102D2E835700CE43C4 /* ContentBlockerConverter */ = {
			isa = XCSwiftPackageProductDependency;
			package = 00A76C0F2D2E835700CE43C4 /* XCRemoteSwiftPackageReference "SafariConverterLib" */;
			productName = ContentBlockerConverter;
		};
/* End XCSwiftPackageProductDependency section */
	};
	rootObject = 0018485A2C2956AC00EE2E7A /* Project object */;
}
