// !$*UTF8*$!
{
	archiveVersion = 1;
	classes = {
	};
	objectVersion = 74;
	objects = {

/* Begin PBXBuildFile section */
		000F2CD92D2E534600871D5E /* WebShield ContentBlocker.appex in Embed Foundation Extensions */ = {isa = PBXBuildFile; fileRef = 000F2CD02D2E534600871D5E /* WebShield ContentBlocker.appex */; settings = {ATTRIBUTES = (RemoveHeadersOnCopy, ); }; };
		000F2CFC2D2E535400871D5E /* WebShield Extra.appex in Embed Foundation Extensions */ = {isa = PBXBuildFile; fileRef = 000F2CE42D2E535400871D5E /* WebShield Extra.appex */; settings = {ATTRIBUTES = (RemoveHeadersOnCopy, ); }; };
		008F18272D2E7487004E312A /* ContentBlockerConverter in Frameworks */ = {isa = PBXBuildFile; productRef = 008F18262D2E7487004E312A /* ContentBlockerConverter */; };
		008F18292D2E7487004E312A /* ConverterTool in Frameworks */ = {isa = PBXBuildFile; productRef = 008F18282D2E7487004E312A /* ConverterTool */; };
		008F182B2D2E7493004E312A /* ContentBlockerConverter in Frameworks */ = {isa = PBXBuildFile; productRef = 008F182A2D2E7493004E312A /* ContentBlockerConverter */; };
/* End PBXBuildFile section */

/* Begin PBXContainerItemProxy section */
		000F2CB22D2E533500871D5E /* PBXContainerItemProxy */ = {
			isa = PBXContainerItemProxy;
			containerPortal = 0018485A2C2956AC00EE2E7A /* Project object */;
			proxyType = 1;
			remoteGlobalIDString = 000F2C9F2D2E533400871D5E;
			remoteInfo = a;
		};
		000F2CBC2D2E533500871D5E /* PBXContainerItemProxy */ = {
			isa = PBXContainerItemProxy;
			containerPortal = 0018485A2C2956AC00EE2E7A /* Project object */;
			proxyType = 1;
			remoteGlobalIDString = 000F2C9F2D2E533400871D5E;
			remoteInfo = a;
		};
		000F2CD72D2E534600871D5E /* PBXContainerItemProxy */ = {
			isa = PBXContainerItemProxy;
			containerPortal = 0018485A2C2956AC00EE2E7A /* Project object */;
			proxyType = 1;
			remoteGlobalIDString = 000F2CCF2D2E534600871D5E;
			remoteInfo = cb;
		};
		000F2CFA2D2E535400871D5E /* PBXContainerItemProxy */ = {
			isa = PBXContainerItemProxy;
			containerPortal = 0018485A2C2956AC00EE2E7A /* Project object */;
			proxyType = 1;
			remoteGlobalIDString = 000F2CE32D2E535400871D5E;
			remoteInfo = sfe;
		};
/* End PBXContainerItemProxy section */

/* Begin PBXCopyFilesBuildPhase section */
		000F2CDE2D2E534600871D5E /* Embed Foundation Extensions */ = {
			isa = PBXCopyFilesBuildPhase;
			buildActionMask = 2147483647;
			dstPath = "";
			dstSubfolderSpec = 13;
			files = (
				000F2CD92D2E534600871D5E /* WebShield ContentBlocker.appex in Embed Foundation Extensions */,
				000F2CFC2D2E535400871D5E /* WebShield Extra.appex in Embed Foundation Extensions */,
			);
			name = "Embed Foundation Extensions";
			runOnlyForDeploymentPostprocessing = 0;
		};
/* End PBXCopyFilesBuildPhase section */

/* Begin PBXFileReference section */
		000F2CA02D2E533400871D5E /* WebShield.app */ = {isa = PBXFileReference; explicitFileType = wrapper.application; includeInIndex = 0; path = WebShield.app; sourceTree = BUILT_PRODUCTS_DIR; };
		000F2CB12D2E533500871D5E /* AppTests.xctest */ = {isa = PBXFileReference; explicitFileType = wrapper.cfbundle; includeInIndex = 0; path = AppTests.xctest; sourceTree = BUILT_PRODUCTS_DIR; };
		000F2CBB2D2E533500871D5E /* AppUITests.xctest */ = {isa = PBXFileReference; explicitFileType = wrapper.cfbundle; includeInIndex = 0; path = AppUITests.xctest; sourceTree = BUILT_PRODUCTS_DIR; };
		000F2CD02D2E534600871D5E /* WebShield ContentBlocker.appex */ = {isa = PBXFileReference; explicitFileType = "wrapper.app-extension"; includeInIndex = 0; path = "WebShield ContentBlocker.appex"; sourceTree = BUILT_PRODUCTS_DIR; };
		000F2CE42D2E535400871D5E /* WebShield Extra.appex */ = {isa = PBXFileReference; explicitFileType = "wrapper.app-extension"; includeInIndex = 0; path = "WebShield Extra.appex"; sourceTree = BUILT_PRODUCTS_DIR; };
		00C2BE322D2E327F000B431F /* Cocoa.framework */ = {isa = PBXFileReference; lastKnownFileType = wrapper.framework; name = Cocoa.framework; path = System/Library/Frameworks/Cocoa.framework; sourceTree = SDKROOT; };
/* End PBXFileReference section */

/* Begin PBXFileSystemSynchronizedBuildFileExceptionSet section */
		000F2CDA2D2E534600871D5E /* PBXFileSystemSynchronizedBuildFileExceptionSet */ = {
			isa = PBXFileSystemSynchronizedBuildFileExceptionSet;
			membershipExceptions = (
				Info.plist,
			);
			target = 000F2CCF2D2E534600871D5E /* WebShield ContentBlocker */;
		};
		000F2CFD2D2E535500871D5E /* PBXFileSystemSynchronizedBuildFileExceptionSet */ = {
			isa = PBXFileSystemSynchronizedBuildFileExceptionSet;
			membershipExceptions = (
				/Localized/SafariExtensionViewController.xib,
				ContentBlockerEngineWrapper.swift,
				Info.plist,
				"Resources/advanced-script.js",
				Resources/assistant.runner.js,
				"Resources/extended-css.js",
				Resources/script.js,
				Resources/scriptlet.js,
				Resources/ToolbarItemIcon.pdf,
				SafariExtensionHandler.swift,
				SafariExtensionViewController.swift,
			);
			target = 000F2CE32D2E535400871D5E /* WebShield Extra */;
		};
		001BA5C32D2E53BA000929A7 /* PBXFileSystemSynchronizedBuildFileExceptionSet */ = {
			isa = PBXFileSystemSynchronizedBuildFileExceptionSet;
			membershipExceptions = (
				ColorExtension.swift,
				ContentBlockerState.swift,
				ContentView.swift,
				ContentViewModel.swift,
				DataManager.swift,
				EditMode.swift,
				FilterList.swift,
				FilterListCategory.swift,
				FilterListData.swift,
				FilterListError.swift,
				FilterListProcessor.swift,
				FilterListProvider.swift,
				FilterListRow.swift,
				FilterListSection.swift,
				FilterListToggle.swift,
				FilterListView.swift,
				GroupContainerURL.swift,
				Identifiers.swift,
				ImportView.swift,
				LogsView.swift,
				ModelContextExtension.swift,
				NativeStyleTextEditor.swift,
				PulsatingCircleButton.swift,
				SettingsView.swift,
				SidebarView.swift,
				StringExtension.swift,
				TotalStats.swift,
				TrustedSite.swift,
				UserDefaultsExtension.swift,
				WebShieldApp.swift,
				WSLogger.swift,
			);
			target = 000F2C9F2D2E533400871D5E /* WebShield */;
		};
		008F181B2D2E7228004E312A /* PBXFileSystemSynchronizedBuildFileExceptionSet */ = {
			isa = PBXFileSystemSynchronizedBuildFileExceptionSet;
			membershipExceptions = (
				WebShieldAppTests/AppTests.swift,
				WebShieldAppUITests/AppUITests.swift,
				WebShieldAppUITests/AppUITestsLaunchTests.swift,
			);
			target = 000F2CE32D2E535400871D5E /* WebShield Extra */;
		};
		008F181D2D2E7251004E312A /* PBXFileSystemSynchronizedBuildFileExceptionSet */ = {
			isa = PBXFileSystemSynchronizedBuildFileExceptionSet;
			membershipExceptions = (
				WebShieldAppTests/AppTests.swift,
			);
			target = 000F2CB02D2E533500871D5E /* AppTests */;
		};
		008F181F2D2E7256004E312A /* PBXFileSystemSynchronizedBuildFileExceptionSet */ = {
			isa = PBXFileSystemSynchronizedBuildFileExceptionSet;
			membershipExceptions = (
				WebShieldAppUITests/AppUITests.swift,
				WebShieldAppUITests/AppUITestsLaunchTests.swift,
			);
			target = 000F2CBA2D2E533500871D5E /* AppUITests */;
		};
/* End PBXFileSystemSynchronizedBuildFileExceptionSet section */

/* Begin PBXFileSystemSynchronizedRootGroup section */
		000F2CA12D2E533400871D5E /* WebShieldApp */ = {isa = PBXFileSystemSynchronizedRootGroup; exceptions = (001BA5C32D2E53BA000929A7 /* PBXFileSystemSynchronizedBuildFileExceptionSet */, ); explicitFileTypes = {}; explicitFolders = (); path = WebShieldApp; sourceTree = "<group>"; };
		000F2CD12D2E534600871D5E /* WebShieldContentBlocker */ = {isa = PBXFileSystemSynchronizedRootGroup; exceptions = (000F2CDA2D2E534600871D5E /* PBXFileSystemSynchronizedBuildFileExceptionSet */, ); explicitFileTypes = {}; explicitFolders = (); path = WebShieldContentBlocker; sourceTree = "<group>"; };
		000F2CE52D2E535400871D5E /* WebShieldExtra */ = {isa = PBXFileSystemSynchronizedRootGroup; exceptions = (000F2CFD2D2E535500871D5E /* PBXFileSystemSynchronizedBuildFileExceptionSet */, ); explicitFileTypes = {}; explicitFolders = (); path = WebShieldExtra; sourceTree = "<group>"; };
		008F181A2D2E7228004E312A /* Tests */ = {isa = PBXFileSystemSynchronizedRootGroup; exceptions = (008F181B2D2E7228004E312A /* PBXFileSystemSynchronizedBuildFileExceptionSet */, 008F181D2D2E7251004E312A /* PBXFileSystemSynchronizedBuildFileExceptionSet */, 008F181F2D2E7256004E312A /* PBXFileSystemSynchronizedBuildFileExceptionSet */, ); explicitFileTypes = {}; explicitFolders = (); path = Tests; sourceTree = "<group>"; };
/* End PBXFileSystemSynchronizedRootGroup section */

/* Begin PBXFrameworksBuildPhase section */
		000F2C9D2D2E533400871D5E /* Frameworks */ = {
			isa = PBXFrameworksBuildPhase;
			buildActionMask = 2147483647;
			files = (
				008F18272D2E7487004E312A /* ContentBlockerConverter in Frameworks */,
				008F18292D2E7487004E312A /* ConverterTool in Frameworks */,
			);
			runOnlyForDeploymentPostprocessing = 0;
		};
		000F2CAE2D2E533500871D5E /* Frameworks */ = {
			isa = PBXFrameworksBuildPhase;
			buildActionMask = 2147483647;
			files = (
			);
			runOnlyForDeploymentPostprocessing = 0;
		};
		000F2CB82D2E533500871D5E /* Frameworks */ = {
			isa = PBXFrameworksBuildPhase;
			buildActionMask = 2147483647;
			files = (
			);
			runOnlyForDeploymentPostprocessing = 0;
		};
		000F2CCD2D2E534600871D5E /* Frameworks */ = {
			isa = PBXFrameworksBuildPhase;
			buildActionMask = 2147483647;
			files = (
			);
			runOnlyForDeploymentPostprocessing = 0;
		};
		000F2CE12D2E535400871D5E /* Frameworks */ = {
			isa = PBXFrameworksBuildPhase;
			buildActionMask = 2147483647;
			files = (
				008F182B2D2E7493004E312A /* ContentBlockerConverter in Frameworks */,
			);
			runOnlyForDeploymentPostprocessing = 0;
		};
/* End PBXFrameworksBuildPhase section */

/* Begin PBXGroup section */
		001848592C2956AC00EE2E7A = {
			isa = PBXGroup;
			children = (
				000F2CA12D2E533400871D5E /* WebShieldApp */,
				000F2CD12D2E534600871D5E /* WebShieldContentBlocker */,
				000F2CE52D2E535400871D5E /* WebShieldExtra */,
				008F181A2D2E7228004E312A /* Tests */,
				00333FBB2C3CC6D20031AEC6 /* Frameworks */,
				000F2CA02D2E533400871D5E /* WebShield.app */,
				000F2CB12D2E533500871D5E /* AppTests.xctest */,
				000F2CBB2D2E533500871D5E /* AppUITests.xctest */,
				000F2CD02D2E534600871D5E /* WebShield ContentBlocker.appex */,
				000F2CE42D2E535400871D5E /* WebShield Extra.appex */,
			);
			sourceTree = "<group>";
		};
		00333FBB2C3CC6D20031AEC6 /* Frameworks */ = {
			isa = PBXGroup;
			children = (
				00C2BE322D2E327F000B431F /* Cocoa.framework */,
			);
			name = Frameworks;
			sourceTree = "<group>";
		};
/* End PBXGroup section */

/* Begin PBXNativeTarget section */
		000F2C9F2D2E533400871D5E /* WebShield */ = {
			isa = PBXNativeTarget;
			buildConfigurationList = 000F2CC32D2E533500871D5E /* Build configuration list for PBXNativeTarget "WebShield" */;
			buildPhases = (
				000F2C9C2D2E533400871D5E /* Sources */,
				000F2C9D2D2E533400871D5E /* Frameworks */,
				000F2C9E2D2E533400871D5E /* Resources */,
				000F2CDE2D2E534600871D5E /* Embed Foundation Extensions */,
			);
			buildRules = (
			);
			dependencies = (
				000F2CD82D2E534600871D5E /* PBXTargetDependency */,
				000F2CFB2D2E535400871D5E /* PBXTargetDependency */,
			);
			fileSystemSynchronizedGroups = (
				000F2CA12D2E533400871D5E /* WebShieldApp */,
			);
			name = WebShield;
			packageProductDependencies = (
				008F18262D2E7487004E312A /* ContentBlockerConverter */,
				008F18282D2E7487004E312A /* ConverterTool */,
			);
			productName = a;
			productReference = 000F2CA02D2E533400871D5E /* WebShield.app */;
			productType = "com.apple.product-type.application";
		};
		000F2CB02D2E533500871D5E /* AppTests */ = {
			isa = PBXNativeTarget;
			buildConfigurationList = 000F2CC62D2E533500871D5E /* Build configuration list for PBXNativeTarget "AppTests" */;
			buildPhases = (
				000F2CAD2D2E533500871D5E /* Sources */,
				000F2CAE2D2E533500871D5E /* Frameworks */,
				000F2CAF2D2E533500871D5E /* Resources */,
			);
			buildRules = (
			);
			dependencies = (
				000F2CB32D2E533500871D5E /* PBXTargetDependency */,
			);
			name = AppTests;
			packageProductDependencies = (
			);
			productName = aTests;
			productReference = 000F2CB12D2E533500871D5E /* AppTests.xctest */;
			productType = "com.apple.product-type.bundle.unit-test";
		};
		000F2CBA2D2E533500871D5E /* AppUITests */ = {
			isa = PBXNativeTarget;
			buildConfigurationList = 000F2CC92D2E533500871D5E /* Build configuration list for PBXNativeTarget "AppUITests" */;
			buildPhases = (
				000F2CB72D2E533500871D5E /* Sources */,
				000F2CB82D2E533500871D5E /* Frameworks */,
				000F2CB92D2E533500871D5E /* Resources */,
			);
			buildRules = (
			);
			dependencies = (
				000F2CBD2D2E533500871D5E /* PBXTargetDependency */,
			);
			name = AppUITests;
			packageProductDependencies = (
			);
			productName = aUITests;
			productReference = 000F2CBB2D2E533500871D5E /* AppUITests.xctest */;
			productType = "com.apple.product-type.bundle.ui-testing";
		};
		000F2CCF2D2E534600871D5E /* WebShield ContentBlocker */ = {
			isa = PBXNativeTarget;
			buildConfigurationList = 000F2CDB2D2E534600871D5E /* Build configuration list for PBXNativeTarget "WebShield ContentBlocker" */;
			buildPhases = (
				000F2CCC2D2E534600871D5E /* Sources */,
				000F2CCD2D2E534600871D5E /* Frameworks */,
				000F2CCE2D2E534600871D5E /* Resources */,
			);
			buildRules = (
			);
			dependencies = (
			);
			fileSystemSynchronizedGroups = (
				000F2CD12D2E534600871D5E /* WebShieldContentBlocker */,
			);
			name = "WebShield ContentBlocker";
			packageProductDependencies = (
			);
			productName = cb;
			productReference = 000F2CD02D2E534600871D5E /* WebShield ContentBlocker.appex */;
			productType = "com.apple.product-type.app-extension";
		};
		000F2CE32D2E535400871D5E /* WebShield Extra */ = {
			isa = PBXNativeTarget;
			buildConfigurationList = 000F2CFE2D2E535500871D5E /* Build configuration list for PBXNativeTarget "WebShield Extra" */;
			buildPhases = (
				000F2CE02D2E535400871D5E /* Sources */,
				000F2CE12D2E535400871D5E /* Frameworks */,
				000F2CE22D2E535400871D5E /* Resources */,
			);
			buildRules = (
			);
			dependencies = (
			);
			fileSystemSynchronizedGroups = (
				000F2CE52D2E535400871D5E /* WebShieldExtra */,
				008F181A2D2E7228004E312A /* Tests */,
			);
			name = "WebShield Extra";
			packageProductDependencies = (
				008F182A2D2E7493004E312A /* ContentBlockerConverter */,
			);
			productName = sfe;
			productReference = 000F2CE42D2E535400871D5E /* WebShield Extra.appex */;
			productType = "com.apple.product-type.app-extension";
		};
/* End PBXNativeTarget section */

/* Begin PBXProject section */
		0018485A2C2956AC00EE2E7A /* Project object */ = {
			isa = PBXProject;
			attributes = {
				BuildIndependentTargetsInParallel = 1;
				LastSwiftUpdateCheck = 1620;
				LastUpgradeCheck = 1610;
				TargetAttributes = {
					000F2C9F2D2E533400871D5E = {
						CreatedOnToolsVersion = 16.2;
					};
					000F2CB02D2E533500871D5E = {
						CreatedOnToolsVersion = 16.2;
						TestTargetID = 000F2C9F2D2E533400871D5E;
					};
					000F2CBA2D2E533500871D5E = {
						CreatedOnToolsVersion = 16.2;
						TestTargetID = 000F2C9F2D2E533400871D5E;
					};
					000F2CCF2D2E534600871D5E = {
						CreatedOnToolsVersion = 16.2;
					};
					000F2CE32D2E535400871D5E = {
						CreatedOnToolsVersion = 16.2;
					};
				};
			};
			buildConfigurationList = 0018485D2C2956AC00EE2E7A /* Build configuration list for PBXProject "WebShield" */;
			developmentRegion = en;
			hasScannedForEncodings = 0;
			knownRegions = (
				en,
				Base,
			);
			mainGroup = 001848592C2956AC00EE2E7A;
			packageReferences = (
				00FE0E822C3B2DC20064A2C7 /* XCRemoteSwiftPackageReference "SafariConverterLib" */,
			);
			preferredProjectObjectVersion = 60;
			productRefGroup = 001848592C2956AC00EE2E7A;
			projectDirPath = "";
			projectRoot = "";
			targets = (
				000F2C9F2D2E533400871D5E /* WebShield */,
				000F2CCF2D2E534600871D5E /* WebShield ContentBlocker */,
				000F2CE32D2E535400871D5E /* WebShield Extra */,
				000F2CB02D2E533500871D5E /* AppTests */,
				000F2CBA2D2E533500871D5E /* AppUITests */,
			);
		};
/* End PBXProject section */

/* Begin PBXResourcesBuildPhase section */
		000F2C9E2D2E533400871D5E /* Resources */ = {
			isa = PBXResourcesBuildPhase;
			buildActionMask = 2147483647;
			files = (
			);
			runOnlyForDeploymentPostprocessing = 0;
		};
		000F2CAF2D2E533500871D5E /* Resources */ = {
			isa = PBXResourcesBuildPhase;
			buildActionMask = 2147483647;
			files = (
			);
			runOnlyForDeploymentPostprocessing = 0;
		};
		000F2CB92D2E533500871D5E /* Resources */ = {
			isa = PBXResourcesBuildPhase;
			buildActionMask = 2147483647;
			files = (
			);
			runOnlyForDeploymentPostprocessing = 0;
		};
		000F2CCE2D2E534600871D5E /* Resources */ = {
			isa = PBXResourcesBuildPhase;
			buildActionMask = 2147483647;
			files = (
			);
			runOnlyForDeploymentPostprocessing = 0;
		};
		000F2CE22D2E535400871D5E /* Resources */ = {
			isa = PBXResourcesBuildPhase;
			buildActionMask = 2147483647;
			files = (
			);
			runOnlyForDeploymentPostprocessing = 0;
		};
/* End PBXResourcesBuildPhase section */

/* Begin PBXSourcesBuildPhase section */
		000F2C9C2D2E533400871D5E /* Sources */ = {
			isa = PBXSourcesBuildPhase;
			buildActionMask = 2147483647;
			files = (
			);
			runOnlyForDeploymentPostprocessing = 0;
		};
		000F2CAD2D2E533500871D5E /* Sources */ = {
			isa = PBXSourcesBuildPhase;
			buildActionMask = 2147483647;
			files = (
			);
			runOnlyForDeploymentPostprocessing = 0;
		};
		000F2CB72D2E533500871D5E /* Sources */ = {
			isa = PBXSourcesBuildPhase;
			buildActionMask = 2147483647;
			files = (
			);
			runOnlyForDeploymentPostprocessing = 0;
		};
		000F2CCC2D2E534600871D5E /* Sources */ = {
			isa = PBXSourcesBuildPhase;
			buildActionMask = 2147483647;
			files = (
			);
			runOnlyForDeploymentPostprocessing = 0;
		};
		000F2CE02D2E535400871D5E /* Sources */ = {
			isa = PBXSourcesBuildPhase;
			buildActionMask = 2147483647;
			files = (
			);
			runOnlyForDeploymentPostprocessing = 0;
		};
/* End PBXSourcesBuildPhase section */

/* Begin PBXTargetDependency section */
		000F2CB32D2E533500871D5E /* PBXTargetDependency */ = {
			isa = PBXTargetDependency;
			target = 000F2C9F2D2E533400871D5E /* WebShield */;
			targetProxy = 000F2CB22D2E533500871D5E /* PBXContainerItemProxy */;
		};
		000F2CBD2D2E533500871D5E /* PBXTargetDependency */ = {
			isa = PBXTargetDependency;
			target = 000F2C9F2D2E533400871D5E /* WebShield */;
			targetProxy = 000F2CBC2D2E533500871D5E /* PBXContainerItemProxy */;
		};
		000F2CD82D2E534600871D5E /* PBXTargetDependency */ = {
			isa = PBXTargetDependency;
			target = 000F2CCF2D2E534600871D5E /* WebShield ContentBlocker */;
			targetProxy = 000F2CD72D2E534600871D5E /* PBXContainerItemProxy */;
		};
		000F2CFB2D2E535400871D5E /* PBXTargetDependency */ = {
			isa = PBXTargetDependency;
			target = 000F2CE32D2E535400871D5E /* WebShield Extra */;
			targetProxy = 000F2CFA2D2E535400871D5E /* PBXContainerItemProxy */;
		};
/* End PBXTargetDependency section */

/* Begin XCBuildConfiguration section */
		000F2CC42D2E533500871D5E /* Debug */ = {
			isa = XCBuildConfiguration;
			buildSettings = {
				ASSETCATALOG_COMPILER_APPICON_NAME = AppIcon;
				ASSETCATALOG_COMPILER_GLOBAL_ACCENT_COLOR_NAME = AccentColor;
				CLANG_CXX_LANGUAGE_STANDARD = "gnu++20";
				CODE_SIGN_ENTITLEMENTS = WebShieldApp/WebShieldApp.entitlements;
				CODE_SIGN_STYLE = Automatic;
				COPY_PHASE_STRIP = NO;
				CURRENT_PROJECT_VERSION = 1;
				DEVELOPMENT_ASSET_PATHS = "\"a/Preview Content\"";
				DEVELOPMENT_TEAM = FP48FZ5499;
				ENABLE_PREVIEWS = YES;
				GCC_C_LANGUAGE_STANDARD = gnu17;
				GENERATE_INFOPLIST_FILE = YES;
				INFOPLIST_KEY_CFBundleDisplayName = WebShield;
				INFOPLIST_KEY_UIApplicationSceneManifest_Generation = YES;
				INFOPLIST_KEY_UIApplicationSupportsIndirectInputEvents = YES;
				INFOPLIST_KEY_UILaunchScreen_Generation = YES;
				INFOPLIST_KEY_UISupportedInterfaceOrientations_iPad = "UIInterfaceOrientationPortrait UIInterfaceOrientationPortraitUpsideDown UIInterfaceOrientationLandscapeLeft UIInterfaceOrientationLandscapeRight";
				INFOPLIST_KEY_UISupportedInterfaceOrientations_iPhone = "UIInterfaceOrientationPortrait UIInterfaceOrientationLandscapeLeft UIInterfaceOrientationLandscapeRight";
				IPHONEOS_DEPLOYMENT_TARGET = 18.2;
				LD_RUNPATH_SEARCH_PATHS = (
					"$(inherited)",
					"@executable_path/Frameworks",
				);
				MARKETING_VERSION = "0.1.0-beta";
				PRODUCT_BUNDLE_IDENTIFIER = dev.arjuna.WebShield;
				PRODUCT_NAME = "$(TARGET_NAME)";
				SDKROOT = iphoneos;
				SUPPORTED_PLATFORMS = "iphoneos iphonesimulator macosx xros xrsimulator";
				SUPPORTS_MACCATALYST = NO;
				SUPPORTS_MAC_DESIGNED_FOR_IPHONE_IPAD = NO;
				SUPPORTS_XR_DESIGNED_FOR_IPHONE_IPAD = NO;
				SWIFT_EMIT_LOC_STRINGS = YES;
				SWIFT_OPTIMIZATION_LEVEL = "-Onone";
				SWIFT_VERSION = 5.0;
				TARGETED_DEVICE_FAMILY = "1,2,6";
			};
			name = Debug;
		};
		000F2CC52D2E533500871D5E /* Release */ = {
			isa = XCBuildConfiguration;
			buildSettings = {
				ASSETCATALOG_COMPILER_APPICON_NAME = AppIcon;
				ASSETCATALOG_COMPILER_GLOBAL_ACCENT_COLOR_NAME = AccentColor;
				CLANG_CXX_LANGUAGE_STANDARD = "gnu++20";
				CODE_SIGN_ENTITLEMENTS = WebShieldApp/WebShieldApp.entitlements;
				CODE_SIGN_STYLE = Automatic;
				COPY_PHASE_STRIP = NO;
				CURRENT_PROJECT_VERSION = 1;
				DEBUG_INFORMATION_FORMAT = "dwarf-with-dsym";
				DEVELOPMENT_ASSET_PATHS = "\"a/Preview Content\"";
				DEVELOPMENT_TEAM = FP48FZ5499;
				ENABLE_PREVIEWS = YES;
				GCC_C_LANGUAGE_STANDARD = gnu17;
				GENERATE_INFOPLIST_FILE = YES;
				INFOPLIST_KEY_CFBundleDisplayName = WebShield;
				INFOPLIST_KEY_UIApplicationSceneManifest_Generation = YES;
				INFOPLIST_KEY_UIApplicationSupportsIndirectInputEvents = YES;
				INFOPLIST_KEY_UILaunchScreen_Generation = YES;
				INFOPLIST_KEY_UISupportedInterfaceOrientations_iPad = "UIInterfaceOrientationPortrait UIInterfaceOrientationPortraitUpsideDown UIInterfaceOrientationLandscapeLeft UIInterfaceOrientationLandscapeRight";
				INFOPLIST_KEY_UISupportedInterfaceOrientations_iPhone = "UIInterfaceOrientationPortrait UIInterfaceOrientationLandscapeLeft UIInterfaceOrientationLandscapeRight";
				IPHONEOS_DEPLOYMENT_TARGET = 18.2;
				LD_RUNPATH_SEARCH_PATHS = (
					"$(inherited)",
					"@executable_path/Frameworks",
				);
				MARKETING_VERSION = "0.1.0-beta";
				PRODUCT_BUNDLE_IDENTIFIER = dev.arjuna.WebShield;
				PRODUCT_NAME = "$(TARGET_NAME)";
				SDKROOT = iphoneos;
				SUPPORTED_PLATFORMS = "iphoneos iphonesimulator macosx xros xrsimulator";
				SUPPORTS_MACCATALYST = NO;
				SUPPORTS_MAC_DESIGNED_FOR_IPHONE_IPAD = NO;
				SUPPORTS_XR_DESIGNED_FOR_IPHONE_IPAD = NO;
				SWIFT_EMIT_LOC_STRINGS = YES;
				SWIFT_VERSION = 5.0;
				TARGETED_DEVICE_FAMILY = "1,2,6";
				VALIDATE_PRODUCT = YES;
			};
			name = Release;
		};
		000F2CC72D2E533500871D5E /* Debug */ = {
			isa = XCBuildConfiguration;
			buildSettings = {
				BUNDLE_LOADER = "$(TEST_HOST)";
				CLANG_CXX_LANGUAGE_STANDARD = "gnu++20";
				CODE_SIGN_STYLE = Automatic;
				COPY_PHASE_STRIP = NO;
				CURRENT_PROJECT_VERSION = 1;
				DEVELOPMENT_TEAM = FP48FZ5499;
				GCC_C_LANGUAGE_STANDARD = gnu17;
				GENERATE_INFOPLIST_FILE = YES;
				IPHONEOS_DEPLOYMENT_TARGET = 18.2;
				MARKETING_VERSION = 1.0;
				PRODUCT_BUNDLE_IDENTIFIER = dev.arjuna.WebShield.aTests;
				PRODUCT_NAME = "$(TARGET_NAME)";
				SDKROOT = iphoneos;
				SUPPORTED_PLATFORMS = "iphoneos iphonesimulator macosx xros xrsimulator";
				SUPPORTS_MACCATALYST = NO;
				SUPPORTS_MAC_DESIGNED_FOR_IPHONE_IPAD = NO;
				SUPPORTS_XR_DESIGNED_FOR_IPHONE_IPAD = NO;
				SWIFT_EMIT_LOC_STRINGS = NO;
				SWIFT_OPTIMIZATION_LEVEL = "-Onone";
				SWIFT_VERSION = 5.0;
				TARGETED_DEVICE_FAMILY = "1,2";
				TEST_HOST = "$(BUILT_PRODUCTS_DIR)/a.app/$(BUNDLE_EXECUTABLE_FOLDER_PATH)/a";
			};
			name = Debug;
		};
		000F2CC82D2E533500871D5E /* Release */ = {
			isa = XCBuildConfiguration;
			buildSettings = {
				BUNDLE_LOADER = "$(TEST_HOST)";
				CLANG_CXX_LANGUAGE_STANDARD = "gnu++20";
				CODE_SIGN_STYLE = Automatic;
				COPY_PHASE_STRIP = NO;
				CURRENT_PROJECT_VERSION = 1;
				DEBUG_INFORMATION_FORMAT = "dwarf-with-dsym";
				DEVELOPMENT_TEAM = FP48FZ5499;
				GCC_C_LANGUAGE_STANDARD = gnu17;
				GENERATE_INFOPLIST_FILE = YES;
				IPHONEOS_DEPLOYMENT_TARGET = 18.2;
				MARKETING_VERSION = 1.0;
				PRODUCT_BUNDLE_IDENTIFIER = dev.arjuna.WebShield.aTests;
				PRODUCT_NAME = "$(TARGET_NAME)";
				SDKROOT = iphoneos;
				SUPPORTED_PLATFORMS = "iphoneos iphonesimulator macosx xros xrsimulator";
				SUPPORTS_MACCATALYST = NO;
				SUPPORTS_MAC_DESIGNED_FOR_IPHONE_IPAD = NO;
				SUPPORTS_XR_DESIGNED_FOR_IPHONE_IPAD = NO;
				SWIFT_EMIT_LOC_STRINGS = NO;
				SWIFT_VERSION = 5.0;
				TARGETED_DEVICE_FAMILY = "1,2";
				TEST_HOST = "$(BUILT_PRODUCTS_DIR)/a.app/$(BUNDLE_EXECUTABLE_FOLDER_PATH)/a";
				VALIDATE_PRODUCT = YES;
			};
			name = Release;
		};
		000F2CCA2D2E533500871D5E /* Debug */ = {
			isa = XCBuildConfiguration;
			buildSettings = {
				CLANG_CXX_LANGUAGE_STANDARD = "gnu++20";
				CODE_SIGN_STYLE = Automatic;
				COPY_PHASE_STRIP = NO;
				CURRENT_PROJECT_VERSION = 1;
				DEVELOPMENT_TEAM = FP48FZ5499;
				GCC_C_LANGUAGE_STANDARD = gnu17;
				GENERATE_INFOPLIST_FILE = YES;
				IPHONEOS_DEPLOYMENT_TARGET = 18.2;
				MARKETING_VERSION = 1.0;
				PRODUCT_BUNDLE_IDENTIFIER = dev.arjuna.WebShield.aUITests;
				PRODUCT_NAME = "$(TARGET_NAME)";
				SDKROOT = iphoneos;
				SUPPORTED_PLATFORMS = "iphoneos iphonesimulator macosx xros xrsimulator";
				SUPPORTS_MACCATALYST = NO;
				SUPPORTS_MAC_DESIGNED_FOR_IPHONE_IPAD = NO;
				SUPPORTS_XR_DESIGNED_FOR_IPHONE_IPAD = NO;
				SWIFT_EMIT_LOC_STRINGS = NO;
				SWIFT_OPTIMIZATION_LEVEL = "-Onone";
				SWIFT_VERSION = 5.0;
				TARGETED_DEVICE_FAMILY = "1,2";
				TEST_TARGET_NAME = a;
			};
			name = Debug;
		};
		000F2CCB2D2E533500871D5E /* Release */ = {
			isa = XCBuildConfiguration;
			buildSettings = {
				CLANG_CXX_LANGUAGE_STANDARD = "gnu++20";
				CODE_SIGN_STYLE = Automatic;
				COPY_PHASE_STRIP = NO;
				CURRENT_PROJECT_VERSION = 1;
				DEBUG_INFORMATION_FORMAT = "dwarf-with-dsym";
				DEVELOPMENT_TEAM = FP48FZ5499;
				GCC_C_LANGUAGE_STANDARD = gnu17;
				GENERATE_INFOPLIST_FILE = YES;
				IPHONEOS_DEPLOYMENT_TARGET = 18.2;
				MARKETING_VERSION = 1.0;
				PRODUCT_BUNDLE_IDENTIFIER = dev.arjuna.WebShield.aUITests;
				PRODUCT_NAME = "$(TARGET_NAME)";
				SDKROOT = iphoneos;
				SUPPORTED_PLATFORMS = "iphoneos iphonesimulator macosx xros xrsimulator";
				SUPPORTS_MACCATALYST = NO;
				SUPPORTS_MAC_DESIGNED_FOR_IPHONE_IPAD = NO;
				SUPPORTS_XR_DESIGNED_FOR_IPHONE_IPAD = NO;
				SWIFT_EMIT_LOC_STRINGS = NO;
				SWIFT_VERSION = 5.0;
				TARGETED_DEVICE_FAMILY = "1,2";
				TEST_TARGET_NAME = a;
				VALIDATE_PRODUCT = YES;
			};
			name = Release;
		};
		000F2CDC2D2E534600871D5E /* Debug */ = {
			isa = XCBuildConfiguration;
			buildSettings = {
				ARCHS = "$(ARCHS_STANDARD_64_BIT)";
				CLANG_CXX_LANGUAGE_STANDARD = "gnu++20";
				CODE_SIGN_ENTITLEMENTS = WebShieldContentBlocker/WebShieldContentBlocker.entitlements;
				CODE_SIGN_STYLE = Automatic;
				COPY_PHASE_STRIP = NO;
				CURRENT_PROJECT_VERSION = 1;
				DEVELOPMENT_TEAM = FP48FZ5499;
				GCC_C_LANGUAGE_STANDARD = gnu17;
				GENERATE_INFOPLIST_FILE = YES;
				INFOPLIST_FILE = WebShieldContentBlocker/Info.plist;
				INFOPLIST_KEY_CFBundleDisplayName = "WebShield Content Blocker";
				INFOPLIST_KEY_NSHumanReadableCopyright = "";
				IPHONEOS_DEPLOYMENT_TARGET = 18.2;
				LD_RUNPATH_SEARCH_PATHS = (
					"$(inherited)",
					"@executable_path/Frameworks",
					"@executable_path/../../Frameworks",
				);
				MARKETING_VERSION = "0.1.0-beta";
				PRODUCT_BUNDLE_IDENTIFIER = dev.arjuna.WebShield.ContentBlocker;
				PRODUCT_NAME = "$(TARGET_NAME)";
				SDKROOT = iphoneos;
				SKIP_INSTALL = YES;
				SUPPORTED_PLATFORMS = "iphoneos iphonesimulator macosx xros xrsimulator";
				SUPPORTS_MACCATALYST = NO;
				SUPPORTS_MAC_DESIGNED_FOR_IPHONE_IPAD = NO;
				SUPPORTS_XR_DESIGNED_FOR_IPHONE_IPAD = NO;
				SWIFT_EMIT_LOC_STRINGS = YES;
				SWIFT_OPTIMIZATION_LEVEL = "-Onone";
				SWIFT_VERSION = 5.0;
				TARGETED_DEVICE_FAMILY = "1,2";
			};
			name = Debug;
		};
		000F2CDD2D2E534600871D5E /* Release */ = {
			isa = XCBuildConfiguration;
			buildSettings = {
				ARCHS = "$(ARCHS_STANDARD_64_BIT)";
				CLANG_CXX_LANGUAGE_STANDARD = "gnu++20";
				CODE_SIGN_ENTITLEMENTS = WebShieldContentBlocker/WebShieldContentBlocker.entitlements;
				CODE_SIGN_STYLE = Automatic;
				COPY_PHASE_STRIP = NO;
				CURRENT_PROJECT_VERSION = 1;
				DEBUG_INFORMATION_FORMAT = "dwarf-with-dsym";
				DEVELOPMENT_TEAM = FP48FZ5499;
				GCC_C_LANGUAGE_STANDARD = gnu17;
				GENERATE_INFOPLIST_FILE = YES;
				INFOPLIST_FILE = WebShieldContentBlocker/Info.plist;
				INFOPLIST_KEY_CFBundleDisplayName = "WebShield Content Blocker";
				INFOPLIST_KEY_NSHumanReadableCopyright = "";
				IPHONEOS_DEPLOYMENT_TARGET = 18.2;
				LD_RUNPATH_SEARCH_PATHS = (
					"$(inherited)",
					"@executable_path/Frameworks",
					"@executable_path/../../Frameworks",
				);
				MARKETING_VERSION = "0.1.0-beta";
				PRODUCT_BUNDLE_IDENTIFIER = dev.arjuna.WebShield.ContentBlocker;
				PRODUCT_NAME = "$(TARGET_NAME)";
				SDKROOT = iphoneos;
				SKIP_INSTALL = YES;
				SUPPORTED_PLATFORMS = "iphoneos iphonesimulator macosx xros xrsimulator";
				SUPPORTS_MACCATALYST = NO;
				SUPPORTS_MAC_DESIGNED_FOR_IPHONE_IPAD = NO;
				SUPPORTS_XR_DESIGNED_FOR_IPHONE_IPAD = NO;
				SWIFT_EMIT_LOC_STRINGS = YES;
				SWIFT_VERSION = 5.0;
				TARGETED_DEVICE_FAMILY = "1,2";
				VALIDATE_PRODUCT = YES;
			};
			name = Release;
		};
		000F2CFF2D2E535500871D5E /* Debug */ = {
			isa = XCBuildConfiguration;
			buildSettings = {
				CLANG_CXX_LANGUAGE_STANDARD = "gnu++20";
				CODE_SIGN_ENTITLEMENTS = WebShieldExtra/WebShieldExtra.entitlements;
				CODE_SIGN_STYLE = Automatic;
				COPY_PHASE_STRIP = NO;
				CURRENT_PROJECT_VERSION = 1;
				DEVELOPMENT_TEAM = FP48FZ5499;
				GCC_C_LANGUAGE_STANDARD = gnu17;
				GENERATE_INFOPLIST_FILE = YES;
				INFOPLIST_FILE = WebShieldExtra/Info.plist;
				INFOPLIST_KEY_CFBundleDisplayName = "WebShield Extra";
				INFOPLIST_KEY_NSHumanReadableCopyright = "";
				IPHONEOS_DEPLOYMENT_TARGET = 18.2;
				LD_RUNPATH_SEARCH_PATHS = (
					"$(inherited)",
					"@executable_path/Frameworks",
					"@executable_path/../../Frameworks",
				);
				MARKETING_VERSION = "0.1.0-beta";
				OTHER_LDFLAGS = (
					"-framework",
					SafariServices,
				);
				PRODUCT_BUNDLE_IDENTIFIER = dev.arjuna.WebShield.SafariAppExtension;
				PRODUCT_NAME = "$(TARGET_NAME)";
				SDKROOT = iphoneos;
				SKIP_INSTALL = YES;
				SUPPORTED_PLATFORMS = "iphoneos iphonesimulator macosx xros xrsimulator";
				SUPPORTS_MACCATALYST = NO;
				SUPPORTS_MAC_DESIGNED_FOR_IPHONE_IPAD = NO;
				SUPPORTS_XR_DESIGNED_FOR_IPHONE_IPAD = NO;
				SWIFT_EMIT_LOC_STRINGS = YES;
				SWIFT_OPTIMIZATION_LEVEL = "-Onone";
				SWIFT_VERSION = 5.0;
				TARGETED_DEVICE_FAMILY = "1,2";
			};
			name = Debug;
		};
		000F2D002D2E535500871D5E /* Release */ = {
			isa = XCBuildConfiguration;
			buildSettings = {
				CLANG_CXX_LANGUAGE_STANDARD = "gnu++20";
				CODE_SIGN_ENTITLEMENTS = WebShieldExtra/WebShieldExtra.entitlements;
				CODE_SIGN_STYLE = Automatic;
				COPY_PHASE_STRIP = NO;
				CURRENT_PROJECT_VERSION = 1;
				DEBUG_INFORMATION_FORMAT = "dwarf-with-dsym";
				DEVELOPMENT_TEAM = FP48FZ5499;
				GCC_C_LANGUAGE_STANDARD = gnu17;
				GENERATE_INFOPLIST_FILE = YES;
				INFOPLIST_FILE = WebShieldExtra/Info.plist;
				INFOPLIST_KEY_CFBundleDisplayName = "WebShield Extra";
				INFOPLIST_KEY_NSHumanReadableCopyright = "";
				IPHONEOS_DEPLOYMENT_TARGET = 18.2;
				LD_RUNPATH_SEARCH_PATHS = (
					"$(inherited)",
					"@executable_path/Frameworks",
					"@executable_path/../../Frameworks",
				);
				MARKETING_VERSION = "0.1.0-beta";
				OTHER_LDFLAGS = (
					"-framework",
					SafariServices,
				);
				PRODUCT_BUNDLE_IDENTIFIER = dev.arjuna.WebShield.SafariAppExtension;
				PRODUCT_NAME = "$(TARGET_NAME)";
				SDKROOT = iphoneos;
				SKIP_INSTALL = YES;
				SUPPORTED_PLATFORMS = "iphoneos iphonesimulator macosx xros xrsimulator";
				SUPPORTS_MACCATALYST = NO;
				SUPPORTS_MAC_DESIGNED_FOR_IPHONE_IPAD = NO;
				SUPPORTS_XR_DESIGNED_FOR_IPHONE_IPAD = NO;
				SWIFT_EMIT_LOC_STRINGS = YES;
				SWIFT_VERSION = 5.0;
				TARGETED_DEVICE_FAMILY = "1,2";
				VALIDATE_PRODUCT = YES;
			};
			name = Release;
		};
		0018486F2C2956AD00EE2E7A /* Debug */ = {
			isa = XCBuildConfiguration;
			buildSettings = {
				ALLOW_TARGET_PLATFORM_SPECIALIZATION = YES;
				ALWAYS_SEARCH_USER_PATHS = NO;
				ASSETCATALOG_COMPILER_GENERATE_SWIFT_ASSET_SYMBOL_EXTENSIONS = YES;
				CLANG_ANALYZER_NONNULL = YES;
				CLANG_ANALYZER_NUMBER_OBJECT_CONVERSION = YES_AGGRESSIVE;
				CLANG_CXX_LANGUAGE_STANDARD = "c++23";
				CLANG_ENABLE_MODULES = YES;
				CLANG_ENABLE_OBJC_ARC = YES;
				CLANG_ENABLE_OBJC_WEAK = YES;
				CLANG_WARN_BLOCK_CAPTURE_AUTORELEASING = YES;
				CLANG_WARN_BOOL_CONVERSION = YES;
				CLANG_WARN_COMMA = YES;
				CLANG_WARN_CONSTANT_CONVERSION = YES;
				CLANG_WARN_DEPRECATED_OBJC_IMPLEMENTATIONS = YES;
				CLANG_WARN_DIRECT_OBJC_ISA_USAGE = YES_ERROR;
				CLANG_WARN_DOCUMENTATION_COMMENTS = YES;
				CLANG_WARN_EMPTY_BODY = YES;
				CLANG_WARN_ENUM_CONVERSION = YES;
				CLANG_WARN_INFINITE_RECURSION = YES;
				CLANG_WARN_INT_CONVERSION = YES;
				CLANG_WARN_NON_LITERAL_NULL_CONVERSION = YES;
				CLANG_WARN_OBJC_IMPLICIT_RETAIN_SELF = YES;
				CLANG_WARN_OBJC_LITERAL_CONVERSION = YES;
				CLANG_WARN_OBJC_ROOT_CLASS = YES_ERROR;
				CLANG_WARN_QUOTED_INCLUDE_IN_FRAMEWORK_HEADER = YES;
				CLANG_WARN_RANGE_LOOP_ANALYSIS = YES;
				CLANG_WARN_STRICT_PROTOTYPES = YES;
				CLANG_WARN_SUSPICIOUS_MOVE = YES;
				CLANG_WARN_UNGUARDED_AVAILABILITY = YES_AGGRESSIVE;
				CLANG_WARN_UNREACHABLE_CODE = YES;
				CLANG_WARN__DUPLICATE_METHOD_MATCH = YES;
				CODE_SIGN_IDENTITY = "Apple Development";
				COPY_PHASE_STRIP = YES;
				DEAD_CODE_STRIPPING = YES;
				DEBUG_INFORMATION_FORMAT = dwarf;
				ENABLE_STRICT_OBJC_MSGSEND = YES;
				ENABLE_TESTABILITY = YES;
				ENABLE_USER_SCRIPT_SANDBOXING = YES;
				GCC_C_LANGUAGE_STANDARD = c17;
				GCC_DYNAMIC_NO_PIC = NO;
				GCC_NO_COMMON_BLOCKS = YES;
				GCC_OPTIMIZATION_LEVEL = 0;
				GCC_PREPROCESSOR_DEFINITIONS = (
					"DEBUG=1",
					"$(inherited)",
				);
				GCC_WARN_64_TO_32_BIT_CONVERSION = YES;
				GCC_WARN_ABOUT_RETURN_TYPE = YES_ERROR;
				GCC_WARN_UNDECLARED_SELECTOR = YES;
				GCC_WARN_UNINITIALIZED_AUTOS = YES_AGGRESSIVE;
				GCC_WARN_UNUSED_FUNCTION = YES;
				GCC_WARN_UNUSED_VARIABLE = YES;
				LOCALIZATION_PREFERS_STRING_CATALOGS = YES;
				MTL_ENABLE_DEBUG_INFO = INCLUDE_SOURCE;
				MTL_FAST_MATH = YES;
				ONLY_ACTIVE_ARCH = YES;
				PRODUCT_BUNDLE_IDENTIFIER = me.arjuna.WebShield;
				PRODUCT_MODULE_NAME = WebShield;
				SDKROOT = macosx;
				SUPPORTED_PLATFORMS = "xrsimulator xros macosx iphonesimulator iphoneos";
				SUPPORTS_MACCATALYST = YES;
				SWIFT_ACTIVE_COMPILATION_CONDITIONS = "DEBUG $(inherited)";
				SWIFT_INSTALL_MODULE = YES;
				SWIFT_OPTIMIZATION_LEVEL = "-O";
				SWIFT_VERSION = 6.0;
			};
			name = Debug;
		};
		001848702C2956AD00EE2E7A /* Release */ = {
			isa = XCBuildConfiguration;
			buildSettings = {
				ALLOW_TARGET_PLATFORM_SPECIALIZATION = YES;
				ALWAYS_SEARCH_USER_PATHS = NO;
				ASSETCATALOG_COMPILER_GENERATE_SWIFT_ASSET_SYMBOL_EXTENSIONS = YES;
				CLANG_ANALYZER_NONNULL = YES;
				CLANG_ANALYZER_NUMBER_OBJECT_CONVERSION = YES_AGGRESSIVE;
				CLANG_CXX_LANGUAGE_STANDARD = "c++23";
				CLANG_ENABLE_MODULES = YES;
				CLANG_ENABLE_OBJC_ARC = YES;
				CLANG_ENABLE_OBJC_WEAK = YES;
				CLANG_WARN_BLOCK_CAPTURE_AUTORELEASING = YES;
				CLANG_WARN_BOOL_CONVERSION = YES;
				CLANG_WARN_COMMA = YES;
				CLANG_WARN_CONSTANT_CONVERSION = YES;
				CLANG_WARN_DEPRECATED_OBJC_IMPLEMENTATIONS = YES;
				CLANG_WARN_DIRECT_OBJC_ISA_USAGE = YES_ERROR;
				CLANG_WARN_DOCUMENTATION_COMMENTS = YES;
				CLANG_WARN_EMPTY_BODY = YES;
				CLANG_WARN_ENUM_CONVERSION = YES;
				CLANG_WARN_INFINITE_RECURSION = YES;
				CLANG_WARN_INT_CONVERSION = YES;
				CLANG_WARN_NON_LITERAL_NULL_CONVERSION = YES;
				CLANG_WARN_OBJC_IMPLICIT_RETAIN_SELF = YES;
				CLANG_WARN_OBJC_LITERAL_CONVERSION = YES;
				CLANG_WARN_OBJC_ROOT_CLASS = YES_ERROR;
				CLANG_WARN_QUOTED_INCLUDE_IN_FRAMEWORK_HEADER = YES;
				CLANG_WARN_RANGE_LOOP_ANALYSIS = YES;
				CLANG_WARN_STRICT_PROTOTYPES = YES;
				CLANG_WARN_SUSPICIOUS_MOVE = YES;
				CLANG_WARN_UNGUARDED_AVAILABILITY = YES_AGGRESSIVE;
				CLANG_WARN_UNREACHABLE_CODE = YES;
				CLANG_WARN__DUPLICATE_METHOD_MATCH = YES;
				CODE_SIGN_IDENTITY = "Apple Development";
				COPY_PHASE_STRIP = YES;
				DEAD_CODE_STRIPPING = YES;
				DEBUG_INFORMATION_FORMAT = dwarf;
				ENABLE_NS_ASSERTIONS = NO;
				ENABLE_STRICT_OBJC_MSGSEND = YES;
				ENABLE_USER_SCRIPT_SANDBOXING = YES;
				GCC_C_LANGUAGE_STANDARD = c17;
				GCC_NO_COMMON_BLOCKS = YES;
				GCC_WARN_64_TO_32_BIT_CONVERSION = YES;
				GCC_WARN_ABOUT_RETURN_TYPE = YES_ERROR;
				GCC_WARN_UNDECLARED_SELECTOR = YES;
				GCC_WARN_UNINITIALIZED_AUTOS = YES_AGGRESSIVE;
				GCC_WARN_UNUSED_FUNCTION = YES;
				GCC_WARN_UNUSED_VARIABLE = YES;
				LOCALIZATION_PREFERS_STRING_CATALOGS = YES;
				MTL_ENABLE_DEBUG_INFO = NO;
				MTL_FAST_MATH = YES;
				PRODUCT_BUNDLE_IDENTIFIER = me.arjuna.WebShield;
				PRODUCT_MODULE_NAME = WebShield;
				SDKROOT = macosx;
				SUPPORTED_PLATFORMS = "xrsimulator xros macosx iphonesimulator iphoneos";
				SUPPORTS_MACCATALYST = YES;
				SWIFT_COMPILATION_MODE = wholemodule;
				SWIFT_INSTALL_MODULE = YES;
				SWIFT_VERSION = 6.0;
			};
			name = Release;
		};
/* End XCBuildConfiguration section */

/* Begin XCConfigurationList section */
		000F2CC32D2E533500871D5E /* Build configuration list for PBXNativeTarget "WebShield" */ = {
			isa = XCConfigurationList;
			buildConfigurations = (
				000F2CC42D2E533500871D5E /* Debug */,
				000F2CC52D2E533500871D5E /* Release */,
			);
			defaultConfigurationIsVisible = 0;
			defaultConfigurationName = Release;
		};
		000F2CC62D2E533500871D5E /* Build configuration list for PBXNativeTarget "AppTests" */ = {
			isa = XCConfigurationList;
			buildConfigurations = (
				000F2CC72D2E533500871D5E /* Debug */,
				000F2CC82D2E533500871D5E /* Release */,
			);
			defaultConfigurationIsVisible = 0;
			defaultConfigurationName = Release;
		};
		000F2CC92D2E533500871D5E /* Build configuration list for PBXNativeTarget "AppUITests" */ = {
			isa = XCConfigurationList;
			buildConfigurations = (
				000F2CCA2D2E533500871D5E /* Debug */,
				000F2CCB2D2E533500871D5E /* Release */,
			);
			defaultConfigurationIsVisible = 0;
			defaultConfigurationName = Release;
		};
		000F2CDB2D2E534600871D5E /* Build configuration list for PBXNativeTarget "WebShield ContentBlocker" */ = {
			isa = XCConfigurationList;
			buildConfigurations = (
				000F2CDC2D2E534600871D5E /* Debug */,
				000F2CDD2D2E534600871D5E /* Release */,
			);
			defaultConfigurationIsVisible = 0;
			defaultConfigurationName = Release;
		};
		000F2CFE2D2E535500871D5E /* Build configuration list for PBXNativeTarget "WebShield Extra" */ = {
			isa = XCConfigurationList;
			buildConfigurations = (
				000F2CFF2D2E535500871D5E /* Debug */,
				000F2D002D2E535500871D5E /* Release */,
			);
			defaultConfigurationIsVisible = 0;
			defaultConfigurationName = Release;
		};
		0018485D2C2956AC00EE2E7A /* Build configuration list for PBXProject "WebShield" */ = {
			isa = XCConfigurationList;
			buildConfigurations = (
				0018486F2C2956AD00EE2E7A /* Debug */,
				001848702C2956AD00EE2E7A /* Release */,
			);
			defaultConfigurationIsVisible = 0;
			defaultConfigurationName = Release;
		};
/* End XCConfigurationList section */

/* Begin XCRemoteSwiftPackageReference section */
		00FE0E822C3B2DC20064A2C7 /* XCRemoteSwiftPackageReference "SafariConverterLib" */ = {
			isa = XCRemoteSwiftPackageReference;
			repositoryURL = "https://github.com/AdguardTeam/SafariConverterLib.git";
			requirement = {
				branch = master;
				kind = branch;
			};
		};
/* End XCRemoteSwiftPackageReference section */

/* Begin XCSwiftPackageProductDependency section */
		008F18262D2E7487004E312A /* ContentBlockerConverter */ = {
			isa = XCSwiftPackageProductDependency;
			package = 00FE0E822C3B2DC20064A2C7 /* XCRemoteSwiftPackageReference "SafariConverterLib" */;
			productName = ContentBlockerConverter;
		};
		008F18282D2E7487004E312A /* ConverterTool */ = {
			isa = XCSwiftPackageProductDependency;
			package = 00FE0E822C3B2DC20064A2C7 /* XCRemoteSwiftPackageReference "SafariConverterLib" */;
			productName = ConverterTool;
		};
		008F182A2D2E7493004E312A /* ContentBlockerConverter */ = {
			isa = XCSwiftPackageProductDependency;
			package = 00FE0E822C3B2DC20064A2C7 /* XCRemoteSwiftPackageReference "SafariConverterLib" */;
			productName = ContentBlockerConverter;
		};
/* End XCSwiftPackageProductDependency section */
	};
	rootObject = 0018485A2C2956AC00EE2E7A /* Project object */;
}
